// !$*UTF8*$!
{
	archiveVersion = 1;
	classes = {
	};
	objectVersion = 56;
	objects = {

/* Begin PBXBuildFile section */
		82693B522BC997FC00FB75E4 /* what3words.xcdatamodeld in Sources */ = {isa = PBXBuildFile; fileRef = 82693B502BC997FC00FB75E4 /* what3words.xcdatamodeld */; };
		82693B542BC997FD00FB75E4 /* Assets.xcassets in Resources */ = {isa = PBXBuildFile; fileRef = 82693B532BC997FD00FB75E4 /* Assets.xcassets */; };
		82693B622BC997FD00FB75E4 /* what3wordsTests.swift in Sources */ = {isa = PBXBuildFile; fileRef = 82693B612BC997FD00FB75E4 /* what3wordsTests.swift */; };
		82693B6C2BC997FD00FB75E4 /* what3wordsUITests.swift in Sources */ = {isa = PBXBuildFile; fileRef = 82693B6B2BC997FD00FB75E4 /* what3wordsUITests.swift */; };
		82693B6E2BC997FD00FB75E4 /* what3wordsUITestsLaunchTests.swift in Sources */ = {isa = PBXBuildFile; fileRef = 82693B6D2BC997FD00FB75E4 /* what3wordsUITestsLaunchTests.swift */; };
		82693B7D2BC9980C00FB75E4 /* what3words.xcdatamodeld in Sources */ = {isa = PBXBuildFile; fileRef = 82693B502BC997FC00FB75E4 /* what3words.xcdatamodeld */; };
		82693B822BC9980C00FB75E4 /* Assets.xcassets in Resources */ = {isa = PBXBuildFile; fileRef = 82693B532BC997FD00FB75E4 /* Assets.xcassets */; };
		82693BE42BC9988200FB75E4 /* Assembler.swift in Sources */ = {isa = PBXBuildFile; fileRef = 82693B8A2BC9988200FB75E4 /* Assembler.swift */; };
		82693BE52BC9988200FB75E4 /* Assembler.swift in Sources */ = {isa = PBXBuildFile; fileRef = 82693B8A2BC9988200FB75E4 /* Assembler.swift */; };
		82693BE62BC9988200FB75E4 /* CoreDataAssembler.swift in Sources */ = {isa = PBXBuildFile; fileRef = 82693B8B2BC9988200FB75E4 /* CoreDataAssembler.swift */; };
		82693BE72BC9988200FB75E4 /* CoreDataAssembler.swift in Sources */ = {isa = PBXBuildFile; fileRef = 82693B8B2BC9988200FB75E4 /* CoreDataAssembler.swift */; };
		82693BE82BC9988200FB75E4 /* GatewayAssembler.swift in Sources */ = {isa = PBXBuildFile; fileRef = 82693B8C2BC9988200FB75E4 /* GatewayAssembler.swift */; };
		82693BE92BC9988200FB75E4 /* GatewayAssembler.swift in Sources */ = {isa = PBXBuildFile; fileRef = 82693B8C2BC9988200FB75E4 /* GatewayAssembler.swift */; };
		82693BF62BC9988200FB75E4 /* Movie.swift in Sources */ = {isa = PBXBuildFile; fileRef = 82693B942BC9988200FB75E4 /* Movie.swift */; };
		82693BF72BC9988200FB75E4 /* Movie.swift in Sources */ = {isa = PBXBuildFile; fileRef = 82693B942BC9988200FB75E4 /* Movie.swift */; };
		82693BF82BC9988200FB75E4 /* Detail.swift in Sources */ = {isa = PBXBuildFile; fileRef = 82693B962BC9988200FB75E4 /* Detail.swift */; };
		82693BF92BC9988200FB75E4 /* Detail.swift in Sources */ = {isa = PBXBuildFile; fileRef = 82693B962BC9988200FB75E4 /* Detail.swift */; };
		82693BFA2BC9988200FB75E4 /* Search.swift in Sources */ = {isa = PBXBuildFile; fileRef = 82693B972BC9988200FB75E4 /* Search.swift */; };
		82693BFB2BC9988200FB75E4 /* Search.swift in Sources */ = {isa = PBXBuildFile; fileRef = 82693B972BC9988200FB75E4 /* Search.swift */; };
		82693BFC2BC9988200FB75E4 /* Trending.swift in Sources */ = {isa = PBXBuildFile; fileRef = 82693B982BC9988200FB75E4 /* Trending.swift */; };
		82693BFD2BC9988200FB75E4 /* Trending.swift in Sources */ = {isa = PBXBuildFile; fileRef = 82693B982BC9988200FB75E4 /* Trending.swift */; };
		82693BFE2BC9988200FB75E4 /* API+Movie.swift in Sources */ = {isa = PBXBuildFile; fileRef = 82693B9B2BC9988200FB75E4 /* API+Movie.swift */; };
		82693BFF2BC9988200FB75E4 /* API+Movie.swift in Sources */ = {isa = PBXBuildFile; fileRef = 82693B9B2BC9988200FB75E4 /* API+Movie.swift */; };
		82693C002BC9988200FB75E4 /* APIError.swift in Sources */ = {isa = PBXBuildFile; fileRef = 82693B9C2BC9988200FB75E4 /* APIError.swift */; };
		82693C012BC9988200FB75E4 /* APIError.swift in Sources */ = {isa = PBXBuildFile; fileRef = 82693B9C2BC9988200FB75E4 /* APIError.swift */; };
		82693C022BC9988200FB75E4 /* APIInput.swift in Sources */ = {isa = PBXBuildFile; fileRef = 82693B9D2BC9988200FB75E4 /* APIInput.swift */; };
		82693C032BC9988200FB75E4 /* APIInput.swift in Sources */ = {isa = PBXBuildFile; fileRef = 82693B9D2BC9988200FB75E4 /* APIInput.swift */; };
		82693C042BC9988200FB75E4 /* APIService.swift in Sources */ = {isa = PBXBuildFile; fileRef = 82693B9E2BC9988200FB75E4 /* APIService.swift */; };
		82693C052BC9988200FB75E4 /* APIService.swift in Sources */ = {isa = PBXBuildFile; fileRef = 82693B9E2BC9988200FB75E4 /* APIService.swift */; };
		82693C062BC9988200FB75E4 /* APIUrls.swift in Sources */ = {isa = PBXBuildFile; fileRef = 82693B9F2BC9988200FB75E4 /* APIUrls.swift */; };
		82693C072BC9988200FB75E4 /* APIUrls.swift in Sources */ = {isa = PBXBuildFile; fileRef = 82693B9F2BC9988200FB75E4 /* APIUrls.swift */; };
		82693C082BC9988200FB75E4 /* APIErrorBase.swift in Sources */ = {isa = PBXBuildFile; fileRef = 82693BA12BC9988200FB75E4 /* APIErrorBase.swift */; };
		82693C092BC9988200FB75E4 /* APIErrorBase.swift in Sources */ = {isa = PBXBuildFile; fileRef = 82693BA12BC9988200FB75E4 /* APIErrorBase.swift */; };
		82693C0A2BC9988200FB75E4 /* APIInputBase.swift in Sources */ = {isa = PBXBuildFile; fileRef = 82693BA22BC9988200FB75E4 /* APIInputBase.swift */; };
		82693C0B2BC9988200FB75E4 /* APIInputBase.swift in Sources */ = {isa = PBXBuildFile; fileRef = 82693BA22BC9988200FB75E4 /* APIInputBase.swift */; };
		82693C0C2BC9988200FB75E4 /* APIResponse.swift in Sources */ = {isa = PBXBuildFile; fileRef = 82693BA32BC9988200FB75E4 /* APIResponse.swift */; };
		82693C0D2BC9988200FB75E4 /* APIResponse.swift in Sources */ = {isa = PBXBuildFile; fileRef = 82693BA32BC9988200FB75E4 /* APIResponse.swift */; };
		82693C0E2BC9988200FB75E4 /* APIServiceBase.swift in Sources */ = {isa = PBXBuildFile; fileRef = 82693BA42BC9988200FB75E4 /* APIServiceBase.swift */; };
		82693C0F2BC9988200FB75E4 /* APIServiceBase.swift in Sources */ = {isa = PBXBuildFile; fileRef = 82693BA42BC9988200FB75E4 /* APIServiceBase.swift */; };
		82693C102BC9988200FB75E4 /* CoreDataRepository.swift in Sources */ = {isa = PBXBuildFile; fileRef = 82693BA62BC9988200FB75E4 /* CoreDataRepository.swift */; };
		82693C112BC9988200FB75E4 /* CoreDataRepository.swift in Sources */ = {isa = PBXBuildFile; fileRef = 82693BA62BC9988200FB75E4 /* CoreDataRepository.swift */; };
		82693C122BC9988200FB75E4 /* MovieDetailRepository.swift in Sources */ = {isa = PBXBuildFile; fileRef = 82693BA72BC9988200FB75E4 /* MovieDetailRepository.swift */; };
		82693C132BC9988200FB75E4 /* MovieDetailRepository.swift in Sources */ = {isa = PBXBuildFile; fileRef = 82693BA72BC9988200FB75E4 /* MovieDetailRepository.swift */; };
		82693C142BC9988200FB75E4 /* SearchRepository.swift in Sources */ = {isa = PBXBuildFile; fileRef = 82693BA82BC9988200FB75E4 /* SearchRepository.swift */; };
		82693C152BC9988200FB75E4 /* SearchRepository.swift in Sources */ = {isa = PBXBuildFile; fileRef = 82693BA82BC9988200FB75E4 /* SearchRepository.swift */; };
		82693C162BC9988200FB75E4 /* TrendingRepository.swift in Sources */ = {isa = PBXBuildFile; fileRef = 82693BA92BC9988200FB75E4 /* TrendingRepository.swift */; };
		82693C172BC9988200FB75E4 /* TrendingRepository.swift in Sources */ = {isa = PBXBuildFile; fileRef = 82693BA92BC9988200FB75E4 /* TrendingRepository.swift */; };
		82693C182BC9988200FB75E4 /* AppGateway.swift in Sources */ = {isa = PBXBuildFile; fileRef = 82693BAB2BC9988200FB75E4 /* AppGateway.swift */; };
		82693C192BC9988200FB75E4 /* AppGateway.swift in Sources */ = {isa = PBXBuildFile; fileRef = 82693BAB2BC9988200FB75E4 /* AppGateway.swift */; };
		82693C1A2BC9988200FB75E4 /* MovieGateway.swift in Sources */ = {isa = PBXBuildFile; fileRef = 82693BAC2BC9988200FB75E4 /* MovieGateway.swift */; };
		82693C1B2BC9988200FB75E4 /* MovieGateway.swift in Sources */ = {isa = PBXBuildFile; fileRef = 82693BAC2BC9988200FB75E4 /* MovieGateway.swift */; };
		82693C1C2BC9988200FB75E4 /* Dev.xcconfig in Resources */ = {isa = PBXBuildFile; fileRef = 82693BAF2BC9988200FB75E4 /* Dev.xcconfig */; };
		82693C1D2BC9988200FB75E4 /* Dev.xcconfig in Resources */ = {isa = PBXBuildFile; fileRef = 82693BAF2BC9988200FB75E4 /* Dev.xcconfig */; };
		82693C1E2BC9988200FB75E4 /* Prod.xcconfig in Resources */ = {isa = PBXBuildFile; fileRef = 82693BB02BC9988200FB75E4 /* Prod.xcconfig */; };
		82693C1F2BC9988200FB75E4 /* Prod.xcconfig in Resources */ = {isa = PBXBuildFile; fileRef = 82693BB02BC9988200FB75E4 /* Prod.xcconfig */; };
		82693C202BC9988200FB75E4 /* AppAssembler.swift in Sources */ = {isa = PBXBuildFile; fileRef = 82693BB22BC9988200FB75E4 /* AppAssembler.swift */; };
		82693C212BC9988200FB75E4 /* AppAssembler.swift in Sources */ = {isa = PBXBuildFile; fileRef = 82693BB22BC9988200FB75E4 /* AppAssembler.swift */; };
		82693C222BC9988200FB75E4 /* AppDelegate.swift in Sources */ = {isa = PBXBuildFile; fileRef = 82693BB32BC9988200FB75E4 /* AppDelegate.swift */; };
		82693C232BC9988200FB75E4 /* AppDelegate.swift in Sources */ = {isa = PBXBuildFile; fileRef = 82693BB32BC9988200FB75E4 /* AppDelegate.swift */; };
		82693C242BC9988200FB75E4 /* AppNavigator.swift in Sources */ = {isa = PBXBuildFile; fileRef = 82693BB42BC9988200FB75E4 /* AppNavigator.swift */; };
		82693C252BC9988200FB75E4 /* AppNavigator.swift in Sources */ = {isa = PBXBuildFile; fileRef = 82693BB42BC9988200FB75E4 /* AppNavigator.swift */; };
		82693C262BC9988200FB75E4 /* AppUseCase.swift in Sources */ = {isa = PBXBuildFile; fileRef = 82693BB52BC9988200FB75E4 /* AppUseCase.swift */; };
		82693C272BC9988200FB75E4 /* AppUseCase.swift in Sources */ = {isa = PBXBuildFile; fileRef = 82693BB52BC9988200FB75E4 /* AppUseCase.swift */; };
		82693C282BC9988200FB75E4 /* AppViewModel.swift in Sources */ = {isa = PBXBuildFile; fileRef = 82693BB62BC9988200FB75E4 /* AppViewModel.swift */; };
		82693C292BC9988200FB75E4 /* AppViewModel.swift in Sources */ = {isa = PBXBuildFile; fileRef = 82693BB62BC9988200FB75E4 /* AppViewModel.swift */; };
		82693C2A2BC9988200FB75E4 /* SceneDelegate.swift in Sources */ = {isa = PBXBuildFile; fileRef = 82693BB72BC9988200FB75E4 /* SceneDelegate.swift */; };
		82693C2B2BC9988200FB75E4 /* SceneDelegate.swift in Sources */ = {isa = PBXBuildFile; fileRef = 82693BB72BC9988200FB75E4 /* SceneDelegate.swift */; };
		82693C2C2BC9988200FB75E4 /* DetailAssembler.swift in Sources */ = {isa = PBXBuildFile; fileRef = 82693BB92BC9988200FB75E4 /* DetailAssembler.swift */; };
		82693C2D2BC9988200FB75E4 /* DetailAssembler.swift in Sources */ = {isa = PBXBuildFile; fileRef = 82693BB92BC9988200FB75E4 /* DetailAssembler.swift */; };
		82693C2E2BC9988200FB75E4 /* DetailNavigator.swift in Sources */ = {isa = PBXBuildFile; fileRef = 82693BBA2BC9988200FB75E4 /* DetailNavigator.swift */; };
		82693C2F2BC9988200FB75E4 /* DetailNavigator.swift in Sources */ = {isa = PBXBuildFile; fileRef = 82693BBA2BC9988200FB75E4 /* DetailNavigator.swift */; };
		82693C302BC9988200FB75E4 /* DetailUseCase.swift in Sources */ = {isa = PBXBuildFile; fileRef = 82693BBB2BC9988200FB75E4 /* DetailUseCase.swift */; };
		82693C312BC9988200FB75E4 /* DetailUseCase.swift in Sources */ = {isa = PBXBuildFile; fileRef = 82693BBB2BC9988200FB75E4 /* DetailUseCase.swift */; };
		82693C322BC9988200FB75E4 /* DetailViewController.swift in Sources */ = {isa = PBXBuildFile; fileRef = 82693BBC2BC9988200FB75E4 /* DetailViewController.swift */; };
		82693C332BC9988200FB75E4 /* DetailViewController.swift in Sources */ = {isa = PBXBuildFile; fileRef = 82693BBC2BC9988200FB75E4 /* DetailViewController.swift */; };
		82693C342BC9988200FB75E4 /* DetailViewModel.swift in Sources */ = {isa = PBXBuildFile; fileRef = 82693BBD2BC9988200FB75E4 /* DetailViewModel.swift */; };
		82693C352BC9988200FB75E4 /* DetailViewModel.swift in Sources */ = {isa = PBXBuildFile; fileRef = 82693BBD2BC9988200FB75E4 /* DetailViewModel.swift */; };
		82693C362BC9988200FB75E4 /* SearchAssembler.swift in Sources */ = {isa = PBXBuildFile; fileRef = 82693BBF2BC9988200FB75E4 /* SearchAssembler.swift */; };
		82693C372BC9988200FB75E4 /* SearchAssembler.swift in Sources */ = {isa = PBXBuildFile; fileRef = 82693BBF2BC9988200FB75E4 /* SearchAssembler.swift */; };
		82693C382BC9988200FB75E4 /* SearchNavigator.swift in Sources */ = {isa = PBXBuildFile; fileRef = 82693BC02BC9988200FB75E4 /* SearchNavigator.swift */; };
		82693C392BC9988200FB75E4 /* SearchNavigator.swift in Sources */ = {isa = PBXBuildFile; fileRef = 82693BC02BC9988200FB75E4 /* SearchNavigator.swift */; };
		82693C3A2BC9988200FB75E4 /* SearchUseCase.swift in Sources */ = {isa = PBXBuildFile; fileRef = 82693BC12BC9988200FB75E4 /* SearchUseCase.swift */; };
		82693C3B2BC9988200FB75E4 /* SearchUseCase.swift in Sources */ = {isa = PBXBuildFile; fileRef = 82693BC12BC9988200FB75E4 /* SearchUseCase.swift */; };
		82693C3C2BC9988200FB75E4 /* SearchViewController.swift in Sources */ = {isa = PBXBuildFile; fileRef = 82693BC22BC9988200FB75E4 /* SearchViewController.swift */; };
		82693C3D2BC9988200FB75E4 /* SearchViewController.swift in Sources */ = {isa = PBXBuildFile; fileRef = 82693BC22BC9988200FB75E4 /* SearchViewController.swift */; };
		82693C3E2BC9988200FB75E4 /* SearchViewModel.swift in Sources */ = {isa = PBXBuildFile; fileRef = 82693BC32BC9988200FB75E4 /* SearchViewModel.swift */; };
		82693C3F2BC9988200FB75E4 /* SearchViewModel.swift in Sources */ = {isa = PBXBuildFile; fileRef = 82693BC32BC9988200FB75E4 /* SearchViewModel.swift */; };
		82693C402BC9988200FB75E4 /* LaunchScreen.storyboard in Resources */ = {isa = PBXBuildFile; fileRef = 82693BC62BC9988200FB75E4 /* LaunchScreen.storyboard */; };
		82693C412BC9988200FB75E4 /* LaunchScreen.storyboard in Resources */ = {isa = PBXBuildFile; fileRef = 82693BC62BC9988200FB75E4 /* LaunchScreen.storyboard */; };
		82693C422BC9988200FB75E4 /* Main.storyboard in Resources */ = {isa = PBXBuildFile; fileRef = 82693BC82BC9988200FB75E4 /* Main.storyboard */; };
		82693C432BC9988200FB75E4 /* Main.storyboard in Resources */ = {isa = PBXBuildFile; fileRef = 82693BC82BC9988200FB75E4 /* Main.storyboard */; };
		82693C442BC9988200FB75E4 /* Storyboards.swift in Sources */ = {isa = PBXBuildFile; fileRef = 82693BC92BC9988200FB75E4 /* Storyboards.swift */; };
		82693C452BC9988200FB75E4 /* Storyboards.swift in Sources */ = {isa = PBXBuildFile; fileRef = 82693BC92BC9988200FB75E4 /* Storyboards.swift */; };
		82693C462BC9988200FB75E4 /* MovieTableViewCell.swift in Sources */ = {isa = PBXBuildFile; fileRef = 82693BCB2BC9988200FB75E4 /* MovieTableViewCell.swift */; };
		82693C472BC9988200FB75E4 /* MovieTableViewCell.swift in Sources */ = {isa = PBXBuildFile; fileRef = 82693BCB2BC9988200FB75E4 /* MovieTableViewCell.swift */; };
		82693C482BC9988200FB75E4 /* MovieTableViewCell.xib in Resources */ = {isa = PBXBuildFile; fileRef = 82693BCC2BC9988200FB75E4 /* MovieTableViewCell.xib */; };
		82693C492BC9988200FB75E4 /* MovieTableViewCell.xib in Resources */ = {isa = PBXBuildFile; fileRef = 82693BCC2BC9988200FB75E4 /* MovieTableViewCell.xib */; };
		82693C4A2BC9988200FB75E4 /* TrendingAssembler.swift in Sources */ = {isa = PBXBuildFile; fileRef = 82693BCE2BC9988200FB75E4 /* TrendingAssembler.swift */; };
		82693C4B2BC9988200FB75E4 /* TrendingAssembler.swift in Sources */ = {isa = PBXBuildFile; fileRef = 82693BCE2BC9988200FB75E4 /* TrendingAssembler.swift */; };
		82693C4C2BC9988200FB75E4 /* TrendingNavigator.swift in Sources */ = {isa = PBXBuildFile; fileRef = 82693BCF2BC9988200FB75E4 /* TrendingNavigator.swift */; };
		82693C4D2BC9988200FB75E4 /* TrendingNavigator.swift in Sources */ = {isa = PBXBuildFile; fileRef = 82693BCF2BC9988200FB75E4 /* TrendingNavigator.swift */; };
		82693C4E2BC9988200FB75E4 /* TrendingUseCase.swift in Sources */ = {isa = PBXBuildFile; fileRef = 82693BD02BC9988200FB75E4 /* TrendingUseCase.swift */; };
		82693C4F2BC9988200FB75E4 /* TrendingUseCase.swift in Sources */ = {isa = PBXBuildFile; fileRef = 82693BD02BC9988200FB75E4 /* TrendingUseCase.swift */; };
		82693C502BC9988200FB75E4 /* TrendingViewController.swift in Sources */ = {isa = PBXBuildFile; fileRef = 82693BD12BC9988200FB75E4 /* TrendingViewController.swift */; };
		82693C512BC9988200FB75E4 /* TrendingViewController.swift in Sources */ = {isa = PBXBuildFile; fileRef = 82693BD12BC9988200FB75E4 /* TrendingViewController.swift */; };
		82693C522BC9988200FB75E4 /* TrendingViewModel.swift in Sources */ = {isa = PBXBuildFile; fileRef = 82693BD22BC9988200FB75E4 /* TrendingViewModel.swift */; };
		82693C532BC9988200FB75E4 /* TrendingViewModel.swift in Sources */ = {isa = PBXBuildFile; fileRef = 82693BD22BC9988200FB75E4 /* TrendingViewModel.swift */; };
		82693C542BC9988200FB75E4 /* ActivityIndicator.swift in Sources */ = {isa = PBXBuildFile; fileRef = 82693BD52BC9988200FB75E4 /* ActivityIndicator.swift */; };
		82693C552BC9988200FB75E4 /* ActivityIndicator.swift in Sources */ = {isa = PBXBuildFile; fileRef = 82693BD52BC9988200FB75E4 /* ActivityIndicator.swift */; };
		82693C562BC9988200FB75E4 /* AlertMessage.swift in Sources */ = {isa = PBXBuildFile; fileRef = 82693BD62BC9988200FB75E4 /* AlertMessage.swift */; };
		82693C572BC9988200FB75E4 /* AlertMessage.swift in Sources */ = {isa = PBXBuildFile; fileRef = 82693BD62BC9988200FB75E4 /* AlertMessage.swift */; };
		82693C582BC9988200FB75E4 /* Bindable.swift in Sources */ = {isa = PBXBuildFile; fileRef = 82693BD72BC9988200FB75E4 /* Bindable.swift */; };
		82693C592BC9988200FB75E4 /* Bindable.swift in Sources */ = {isa = PBXBuildFile; fileRef = 82693BD72BC9988200FB75E4 /* Bindable.swift */; };
		82693C5A2BC9988200FB75E4 /* ErrorTracker.swift in Sources */ = {isa = PBXBuildFile; fileRef = 82693BD82BC9988200FB75E4 /* ErrorTracker.swift */; };
		82693C5B2BC9988200FB75E4 /* ErrorTracker.swift in Sources */ = {isa = PBXBuildFile; fileRef = 82693BD82BC9988200FB75E4 /* ErrorTracker.swift */; };
		82693C5C2BC9988200FB75E4 /* PagingInfo.swift in Sources */ = {isa = PBXBuildFile; fileRef = 82693BD92BC9988200FB75E4 /* PagingInfo.swift */; };
		82693C5D2BC9988200FB75E4 /* PagingInfo.swift in Sources */ = {isa = PBXBuildFile; fileRef = 82693BD92BC9988200FB75E4 /* PagingInfo.swift */; };
		82693C5E2BC9988200FB75E4 /* Property.swift in Sources */ = {isa = PBXBuildFile; fileRef = 82693BDA2BC9988200FB75E4 /* Property.swift */; };
		82693C5F2BC9988200FB75E4 /* Property.swift in Sources */ = {isa = PBXBuildFile; fileRef = 82693BDA2BC9988200FB75E4 /* Property.swift */; };
		82693C602BC9988200FB75E4 /* ViewModel.swift in Sources */ = {isa = PBXBuildFile; fileRef = 82693BDB2BC9988200FB75E4 /* ViewModel.swift */; };
		82693C612BC9988200FB75E4 /* ViewModel.swift in Sources */ = {isa = PBXBuildFile; fileRef = 82693BDB2BC9988200FB75E4 /* ViewModel.swift */; };
		82693C622BC9988200FB75E4 /* ViewModel+GetPage.swift in Sources */ = {isa = PBXBuildFile; fileRef = 82693BDC2BC9988200FB75E4 /* ViewModel+GetPage.swift */; };
		82693C632BC9988200FB75E4 /* ViewModel+GetPage.swift in Sources */ = {isa = PBXBuildFile; fileRef = 82693BDC2BC9988200FB75E4 /* ViewModel+GetPage.swift */; };
		82693C642BC9988200FB75E4 /* Driver+.swift in Sources */ = {isa = PBXBuildFile; fileRef = 82693BDE2BC9988200FB75E4 /* Driver+.swift */; };
		82693C652BC9988200FB75E4 /* Driver+.swift in Sources */ = {isa = PBXBuildFile; fileRef = 82693BDE2BC9988200FB75E4 /* Driver+.swift */; };
		82693C662BC9988200FB75E4 /* ObservableType+.swift in Sources */ = {isa = PBXBuildFile; fileRef = 82693BDF2BC9988200FB75E4 /* ObservableType+.swift */; };
		82693C672BC9988200FB75E4 /* ObservableType+.swift in Sources */ = {isa = PBXBuildFile; fileRef = 82693BDF2BC9988200FB75E4 /* ObservableType+.swift */; };
		82693C682BC9988200FB75E4 /* Optional+.swift in Sources */ = {isa = PBXBuildFile; fileRef = 82693BE02BC9988200FB75E4 /* Optional+.swift */; };
		82693C692BC9988200FB75E4 /* Optional+.swift in Sources */ = {isa = PBXBuildFile; fileRef = 82693BE02BC9988200FB75E4 /* Optional+.swift */; };
		82693C6A2BC9988200FB75E4 /* UIViewController+.swift in Sources */ = {isa = PBXBuildFile; fileRef = 82693BE12BC9988200FB75E4 /* UIViewController+.swift */; };
		82693C6B2BC9988200FB75E4 /* UIViewController+.swift in Sources */ = {isa = PBXBuildFile; fileRef = 82693BE12BC9988200FB75E4 /* UIViewController+.swift */; };
		82693C6F2BC998A900FB75E4 /* Prod-Info.plist in Resources */ = {isa = PBXBuildFile; fileRef = 82693C6D2BC998A900FB75E4 /* Prod-Info.plist */; };
		82693C702BC998A900FB75E4 /* Prod-Info.plist in Resources */ = {isa = PBXBuildFile; fileRef = 82693C6D2BC998A900FB75E4 /* Prod-Info.plist */; };
		82693C712BC998A900FB75E4 /* Dev-Info.plist in Resources */ = {isa = PBXBuildFile; fileRef = 82693C6E2BC998A900FB75E4 /* Dev-Info.plist */; };
		82693C722BC998A900FB75E4 /* Dev-Info.plist in Resources */ = {isa = PBXBuildFile; fileRef = 82693C6E2BC998A900FB75E4 /* Dev-Info.plist */; };
		82693C902BC998FC00FB75E4 /* TestableObserver+.swift in Sources */ = {isa = PBXBuildFile; fileRef = 82693C732BC998FC00FB75E4 /* TestableObserver+.swift */; };
		82693C912BC998FC00FB75E4 /* TestError.swift in Sources */ = {isa = PBXBuildFile; fileRef = 82693C742BC998FC00FB75E4 /* TestError.swift */; };
		82693C922BC998FC00FB75E4 /* XCTestCase+.swift in Sources */ = {isa = PBXBuildFile; fileRef = 82693C752BC998FC00FB75E4 /* XCTestCase+.swift */; };
		82693C932BC998FC00FB75E4 /* AppNavigatorMock.swift in Sources */ = {isa = PBXBuildFile; fileRef = 82693C772BC998FC00FB75E4 /* AppNavigatorMock.swift */; };
		82693C942BC998FC00FB75E4 /* AppUseCaseMock.swift in Sources */ = {isa = PBXBuildFile; fileRef = 82693C782BC998FC00FB75E4 /* AppUseCaseMock.swift */; };
		82693C952BC998FC00FB75E4 /* AppViewModelTests.swift in Sources */ = {isa = PBXBuildFile; fileRef = 82693C792BC998FC00FB75E4 /* AppViewModelTests.swift */; };
		82693C962BC998FC00FB75E4 /* DetailNavigatorMock.swift in Sources */ = {isa = PBXBuildFile; fileRef = 82693C7B2BC998FC00FB75E4 /* DetailNavigatorMock.swift */; };
		82693C972BC998FC00FB75E4 /* DetailUseCaseMock.swift in Sources */ = {isa = PBXBuildFile; fileRef = 82693C7C2BC998FC00FB75E4 /* DetailUseCaseMock.swift */; };
		82693C982BC998FC00FB75E4 /* DetailViewModelTests.swift in Sources */ = {isa = PBXBuildFile; fileRef = 82693C7D2BC998FC00FB75E4 /* DetailViewModelTests.swift */; };
		82693C992BC998FC00FB75E4 /* SearchNavigatorMock.swift in Sources */ = {isa = PBXBuildFile; fileRef = 82693C7F2BC998FC00FB75E4 /* SearchNavigatorMock.swift */; };
		82693C9A2BC998FC00FB75E4 /* SearchUseCaseMock.swift in Sources */ = {isa = PBXBuildFile; fileRef = 82693C802BC998FC00FB75E4 /* SearchUseCaseMock.swift */; };
		82693C9B2BC998FC00FB75E4 /* SearchViewModelTests.swift in Sources */ = {isa = PBXBuildFile; fileRef = 82693C812BC998FC00FB75E4 /* SearchViewModelTests.swift */; };
		82693C9C2BC998FC00FB75E4 /* TrendingNavigatorMock.swift in Sources */ = {isa = PBXBuildFile; fileRef = 82693C832BC998FC00FB75E4 /* TrendingNavigatorMock.swift */; };
		82693C9D2BC998FC00FB75E4 /* TrendingUseCaseMock.swift in Sources */ = {isa = PBXBuildFile; fileRef = 82693C842BC998FC00FB75E4 /* TrendingUseCaseMock.swift */; };
		82693C9E2BC998FC00FB75E4 /* TrendingViewModelTests.swift in Sources */ = {isa = PBXBuildFile; fileRef = 82693C852BC998FC00FB75E4 /* TrendingViewModelTests.swift */; };
		82693C9F2BC998FC00FB75E4 /* MovieGatewayMock.swift in Sources */ = {isa = PBXBuildFile; fileRef = 82693C882BC998FC00FB75E4 /* MovieGatewayMock.swift */; };
		82693CA02BC998FC00FB75E4 /* GettingDetailMovieTests.swift in Sources */ = {isa = PBXBuildFile; fileRef = 82693C8B2BC998FC00FB75E4 /* GettingDetailMovieTests.swift */; };
		82693CA12BC998FC00FB75E4 /* GettingSearchMoviesTests.swift in Sources */ = {isa = PBXBuildFile; fileRef = 82693C8C2BC998FC00FB75E4 /* GettingSearchMoviesTests.swift */; };
		82693CA22BC998FC00FB75E4 /* TrendingTests.swift in Sources */ = {isa = PBXBuildFile; fileRef = 82693C8D2BC998FC00FB75E4 /* TrendingTests.swift */; };
		82693CAB2BC9996D00FB75E4 /* RxCocoa in Frameworks */ = {isa = PBXBuildFile; productRef = 82693CAA2BC9996D00FB75E4 /* RxCocoa */; };
		82693CAD2BC9996D00FB75E4 /* RxSwift in Frameworks */ = {isa = PBXBuildFile; productRef = 82693CAC2BC9996D00FB75E4 /* RxSwift */; };
		82693CAF2BC9996D00FB75E4 /* Then in Frameworks */ = {isa = PBXBuildFile; productRef = 82693CAE2BC9996D00FB75E4 /* Then */; };
		82693CB12BC9996D00FB75E4 /* SDWebImage in Frameworks */ = {isa = PBXBuildFile; productRef = 82693CB02BC9996D00FB75E4 /* SDWebImage */; };
		82693CB32BC9996D00FB75E4 /* RxAlamofire in Frameworks */ = {isa = PBXBuildFile; productRef = 82693CB22BC9996D00FB75E4 /* RxAlamofire */; };
		82693CB52BC9996D00FB75E4 /* ESPullToRefresh in Frameworks */ = {isa = PBXBuildFile; productRef = 82693CB42BC9996D00FB75E4 /* ESPullToRefresh */; };
		82693CB72BC9996D00FB75E4 /* Reusable in Frameworks */ = {isa = PBXBuildFile; productRef = 82693CB62BC9996D00FB75E4 /* Reusable */; };
		82693CB92BC9997C00FB75E4 /* RxCocoa in Frameworks */ = {isa = PBXBuildFile; productRef = 82693CB82BC9997C00FB75E4 /* RxCocoa */; };
		82693CBB2BC9997C00FB75E4 /* RxSwift in Frameworks */ = {isa = PBXBuildFile; productRef = 82693CBA2BC9997C00FB75E4 /* RxSwift */; };
		82693CBD2BC9997C00FB75E4 /* Then in Frameworks */ = {isa = PBXBuildFile; productRef = 82693CBC2BC9997C00FB75E4 /* Then */; };
		82693CBF2BC9997C00FB75E4 /* SDWebImage in Frameworks */ = {isa = PBXBuildFile; productRef = 82693CBE2BC9997C00FB75E4 /* SDWebImage */; };
		82693CC12BC9997C00FB75E4 /* RxAlamofire in Frameworks */ = {isa = PBXBuildFile; productRef = 82693CC02BC9997C00FB75E4 /* RxAlamofire */; };
		82693CC32BC9997C00FB75E4 /* ESPullToRefresh in Frameworks */ = {isa = PBXBuildFile; productRef = 82693CC22BC9997C00FB75E4 /* ESPullToRefresh */; };
		82693CC52BC9997C00FB75E4 /* Reusable in Frameworks */ = {isa = PBXBuildFile; productRef = 82693CC42BC9997C00FB75E4 /* Reusable */; };
		82693CC72BC9998A00FB75E4 /* RxBlocking in Frameworks */ = {isa = PBXBuildFile; productRef = 82693CC62BC9998A00FB75E4 /* RxBlocking */; };
		82693CC92BC9998A00FB75E4 /* RxCocoa in Frameworks */ = {isa = PBXBuildFile; productRef = 82693CC82BC9998A00FB75E4 /* RxCocoa */; };
		82693CCB2BC9998A00FB75E4 /* RxSwift in Frameworks */ = {isa = PBXBuildFile; productRef = 82693CCA2BC9998A00FB75E4 /* RxSwift */; };
		82693CCD2BC9998A00FB75E4 /* RxTest in Frameworks */ = {isa = PBXBuildFile; productRef = 82693CCC2BC9998A00FB75E4 /* RxTest */; };
/* End PBXBuildFile section */

/* Begin PBXContainerItemProxy section */
		82693B5E2BC997FD00FB75E4 /* PBXContainerItemProxy */ = {
			isa = PBXContainerItemProxy;
			containerPortal = 82693B3C2BC997FC00FB75E4 /* Project object */;
			proxyType = 1;
			remoteGlobalIDString = 82693B432BC997FC00FB75E4;
			remoteInfo = what3words;
		};
		82693B682BC997FD00FB75E4 /* PBXContainerItemProxy */ = {
			isa = PBXContainerItemProxy;
			containerPortal = 82693B3C2BC997FC00FB75E4 /* Project object */;
			proxyType = 1;
			remoteGlobalIDString = 82693B432BC997FC00FB75E4;
			remoteInfo = what3words;
		};
/* End PBXContainerItemProxy section */

/* Begin PBXFileReference section */
		82693B442BC997FC00FB75E4 /* what3words.app */ = {isa = PBXFileReference; explicitFileType = wrapper.application; includeInIndex = 0; path = what3words.app; sourceTree = BUILT_PRODUCTS_DIR; };
		82693B512BC997FC00FB75E4 /* what3words.xcdatamodel */ = {isa = PBXFileReference; lastKnownFileType = wrapper.xcdatamodel; path = what3words.xcdatamodel; sourceTree = "<group>"; };
		82693B532BC997FD00FB75E4 /* Assets.xcassets */ = {isa = PBXFileReference; lastKnownFileType = folder.assetcatalog; path = Assets.xcassets; sourceTree = "<group>"; };
		82693B5D2BC997FD00FB75E4 /* what3wordsTests.xctest */ = {isa = PBXFileReference; explicitFileType = wrapper.cfbundle; includeInIndex = 0; path = what3wordsTests.xctest; sourceTree = BUILT_PRODUCTS_DIR; };
		82693B612BC997FD00FB75E4 /* what3wordsTests.swift */ = {isa = PBXFileReference; lastKnownFileType = sourcecode.swift; path = what3wordsTests.swift; sourceTree = "<group>"; };
		82693B672BC997FD00FB75E4 /* what3wordsUITests.xctest */ = {isa = PBXFileReference; explicitFileType = wrapper.cfbundle; includeInIndex = 0; path = what3wordsUITests.xctest; sourceTree = BUILT_PRODUCTS_DIR; };
		82693B6B2BC997FD00FB75E4 /* what3wordsUITests.swift */ = {isa = PBXFileReference; lastKnownFileType = sourcecode.swift; path = what3wordsUITests.swift; sourceTree = "<group>"; };
		82693B6D2BC997FD00FB75E4 /* what3wordsUITestsLaunchTests.swift */ = {isa = PBXFileReference; lastKnownFileType = sourcecode.swift; path = what3wordsUITestsLaunchTests.swift; sourceTree = "<group>"; };
		82693B882BC9980C00FB75E4 /* what3words-Dev.app */ = {isa = PBXFileReference; explicitFileType = wrapper.application; includeInIndex = 0; path = "what3words-Dev.app"; sourceTree = BUILT_PRODUCTS_DIR; };
		82693B8A2BC9988200FB75E4 /* Assembler.swift */ = {isa = PBXFileReference; fileEncoding = 4; lastKnownFileType = sourcecode.swift; path = Assembler.swift; sourceTree = "<group>"; };
		82693B8B2BC9988200FB75E4 /* CoreDataAssembler.swift */ = {isa = PBXFileReference; fileEncoding = 4; lastKnownFileType = sourcecode.swift; path = CoreDataAssembler.swift; sourceTree = "<group>"; };
		82693B8C2BC9988200FB75E4 /* GatewayAssembler.swift */ = {isa = PBXFileReference; fileEncoding = 4; lastKnownFileType = sourcecode.swift; path = GatewayAssembler.swift; sourceTree = "<group>"; };
		82693B942BC9988200FB75E4 /* Movie.swift */ = {isa = PBXFileReference; fileEncoding = 4; lastKnownFileType = sourcecode.swift; path = Movie.swift; sourceTree = "<group>"; };
		82693B962BC9988200FB75E4 /* Detail.swift */ = {isa = PBXFileReference; fileEncoding = 4; lastKnownFileType = sourcecode.swift; path = Detail.swift; sourceTree = "<group>"; };
		82693B972BC9988200FB75E4 /* Search.swift */ = {isa = PBXFileReference; fileEncoding = 4; lastKnownFileType = sourcecode.swift; path = Search.swift; sourceTree = "<group>"; };
		82693B982BC9988200FB75E4 /* Trending.swift */ = {isa = PBXFileReference; fileEncoding = 4; lastKnownFileType = sourcecode.swift; path = Trending.swift; sourceTree = "<group>"; };
		82693B9B2BC9988200FB75E4 /* API+Movie.swift */ = {isa = PBXFileReference; fileEncoding = 4; lastKnownFileType = sourcecode.swift; path = "API+Movie.swift"; sourceTree = "<group>"; };
		82693B9C2BC9988200FB75E4 /* APIError.swift */ = {isa = PBXFileReference; fileEncoding = 4; lastKnownFileType = sourcecode.swift; path = APIError.swift; sourceTree = "<group>"; };
		82693B9D2BC9988200FB75E4 /* APIInput.swift */ = {isa = PBXFileReference; fileEncoding = 4; lastKnownFileType = sourcecode.swift; path = APIInput.swift; sourceTree = "<group>"; };
		82693B9E2BC9988200FB75E4 /* APIService.swift */ = {isa = PBXFileReference; fileEncoding = 4; lastKnownFileType = sourcecode.swift; path = APIService.swift; sourceTree = "<group>"; };
		82693B9F2BC9988200FB75E4 /* APIUrls.swift */ = {isa = PBXFileReference; fileEncoding = 4; lastKnownFileType = sourcecode.swift; path = APIUrls.swift; sourceTree = "<group>"; };
		82693BA12BC9988200FB75E4 /* APIErrorBase.swift */ = {isa = PBXFileReference; fileEncoding = 4; lastKnownFileType = sourcecode.swift; path = APIErrorBase.swift; sourceTree = "<group>"; };
		82693BA22BC9988200FB75E4 /* APIInputBase.swift */ = {isa = PBXFileReference; fileEncoding = 4; lastKnownFileType = sourcecode.swift; path = APIInputBase.swift; sourceTree = "<group>"; };
		82693BA32BC9988200FB75E4 /* APIResponse.swift */ = {isa = PBXFileReference; fileEncoding = 4; lastKnownFileType = sourcecode.swift; path = APIResponse.swift; sourceTree = "<group>"; };
		82693BA42BC9988200FB75E4 /* APIServiceBase.swift */ = {isa = PBXFileReference; fileEncoding = 4; lastKnownFileType = sourcecode.swift; path = APIServiceBase.swift; sourceTree = "<group>"; };
		82693BA62BC9988200FB75E4 /* CoreDataRepository.swift */ = {isa = PBXFileReference; fileEncoding = 4; lastKnownFileType = sourcecode.swift; path = CoreDataRepository.swift; sourceTree = "<group>"; };
		82693BA72BC9988200FB75E4 /* MovieDetailRepository.swift */ = {isa = PBXFileReference; fileEncoding = 4; lastKnownFileType = sourcecode.swift; path = MovieDetailRepository.swift; sourceTree = "<group>"; };
		82693BA82BC9988200FB75E4 /* SearchRepository.swift */ = {isa = PBXFileReference; fileEncoding = 4; lastKnownFileType = sourcecode.swift; path = SearchRepository.swift; sourceTree = "<group>"; };
		82693BA92BC9988200FB75E4 /* TrendingRepository.swift */ = {isa = PBXFileReference; fileEncoding = 4; lastKnownFileType = sourcecode.swift; path = TrendingRepository.swift; sourceTree = "<group>"; };
		82693BAB2BC9988200FB75E4 /* AppGateway.swift */ = {isa = PBXFileReference; fileEncoding = 4; lastKnownFileType = sourcecode.swift; path = AppGateway.swift; sourceTree = "<group>"; };
		82693BAC2BC9988200FB75E4 /* MovieGateway.swift */ = {isa = PBXFileReference; fileEncoding = 4; lastKnownFileType = sourcecode.swift; path = MovieGateway.swift; sourceTree = "<group>"; };
		82693BAF2BC9988200FB75E4 /* Dev.xcconfig */ = {isa = PBXFileReference; fileEncoding = 4; lastKnownFileType = text.xcconfig; path = Dev.xcconfig; sourceTree = "<group>"; };
		82693BB02BC9988200FB75E4 /* Prod.xcconfig */ = {isa = PBXFileReference; fileEncoding = 4; lastKnownFileType = text.xcconfig; path = Prod.xcconfig; sourceTree = "<group>"; };
		82693BB22BC9988200FB75E4 /* AppAssembler.swift */ = {isa = PBXFileReference; fileEncoding = 4; lastKnownFileType = sourcecode.swift; path = AppAssembler.swift; sourceTree = "<group>"; };
		82693BB32BC9988200FB75E4 /* AppDelegate.swift */ = {isa = PBXFileReference; fileEncoding = 4; lastKnownFileType = sourcecode.swift; path = AppDelegate.swift; sourceTree = "<group>"; };
		82693BB42BC9988200FB75E4 /* AppNavigator.swift */ = {isa = PBXFileReference; fileEncoding = 4; lastKnownFileType = sourcecode.swift; path = AppNavigator.swift; sourceTree = "<group>"; };
		82693BB52BC9988200FB75E4 /* AppUseCase.swift */ = {isa = PBXFileReference; fileEncoding = 4; lastKnownFileType = sourcecode.swift; path = AppUseCase.swift; sourceTree = "<group>"; };
		82693BB62BC9988200FB75E4 /* AppViewModel.swift */ = {isa = PBXFileReference; fileEncoding = 4; lastKnownFileType = sourcecode.swift; path = AppViewModel.swift; sourceTree = "<group>"; };
		82693BB72BC9988200FB75E4 /* SceneDelegate.swift */ = {isa = PBXFileReference; fileEncoding = 4; lastKnownFileType = sourcecode.swift; path = SceneDelegate.swift; sourceTree = "<group>"; };
		82693BB92BC9988200FB75E4 /* DetailAssembler.swift */ = {isa = PBXFileReference; fileEncoding = 4; lastKnownFileType = sourcecode.swift; path = DetailAssembler.swift; sourceTree = "<group>"; };
		82693BBA2BC9988200FB75E4 /* DetailNavigator.swift */ = {isa = PBXFileReference; fileEncoding = 4; lastKnownFileType = sourcecode.swift; path = DetailNavigator.swift; sourceTree = "<group>"; };
		82693BBB2BC9988200FB75E4 /* DetailUseCase.swift */ = {isa = PBXFileReference; fileEncoding = 4; lastKnownFileType = sourcecode.swift; path = DetailUseCase.swift; sourceTree = "<group>"; };
		82693BBC2BC9988200FB75E4 /* DetailViewController.swift */ = {isa = PBXFileReference; fileEncoding = 4; lastKnownFileType = sourcecode.swift; path = DetailViewController.swift; sourceTree = "<group>"; };
		82693BBD2BC9988200FB75E4 /* DetailViewModel.swift */ = {isa = PBXFileReference; fileEncoding = 4; lastKnownFileType = sourcecode.swift; path = DetailViewModel.swift; sourceTree = "<group>"; };
		82693BBF2BC9988200FB75E4 /* SearchAssembler.swift */ = {isa = PBXFileReference; fileEncoding = 4; lastKnownFileType = sourcecode.swift; path = SearchAssembler.swift; sourceTree = "<group>"; };
		82693BC02BC9988200FB75E4 /* SearchNavigator.swift */ = {isa = PBXFileReference; fileEncoding = 4; lastKnownFileType = sourcecode.swift; path = SearchNavigator.swift; sourceTree = "<group>"; };
		82693BC12BC9988200FB75E4 /* SearchUseCase.swift */ = {isa = PBXFileReference; fileEncoding = 4; lastKnownFileType = sourcecode.swift; path = SearchUseCase.swift; sourceTree = "<group>"; };
		82693BC22BC9988200FB75E4 /* SearchViewController.swift */ = {isa = PBXFileReference; fileEncoding = 4; lastKnownFileType = sourcecode.swift; path = SearchViewController.swift; sourceTree = "<group>"; };
		82693BC32BC9988200FB75E4 /* SearchViewModel.swift */ = {isa = PBXFileReference; fileEncoding = 4; lastKnownFileType = sourcecode.swift; path = SearchViewModel.swift; sourceTree = "<group>"; };
		82693BC52BC9988200FB75E4 /* Base */ = {isa = PBXFileReference; lastKnownFileType = file.storyboard; name = Base; path = Base.lproj/LaunchScreen.storyboard; sourceTree = "<group>"; };
		82693BC72BC9988200FB75E4 /* Base */ = {isa = PBXFileReference; lastKnownFileType = file.storyboard; name = Base; path = Base.lproj/Main.storyboard; sourceTree = "<group>"; };
		82693BC92BC9988200FB75E4 /* Storyboards.swift */ = {isa = PBXFileReference; fileEncoding = 4; lastKnownFileType = sourcecode.swift; path = Storyboards.swift; sourceTree = "<group>"; };
		82693BCB2BC9988200FB75E4 /* MovieTableViewCell.swift */ = {isa = PBXFileReference; fileEncoding = 4; lastKnownFileType = sourcecode.swift; path = MovieTableViewCell.swift; sourceTree = "<group>"; };
		82693BCC2BC9988200FB75E4 /* MovieTableViewCell.xib */ = {isa = PBXFileReference; fileEncoding = 4; lastKnownFileType = file.xib; path = MovieTableViewCell.xib; sourceTree = "<group>"; };
		82693BCE2BC9988200FB75E4 /* TrendingAssembler.swift */ = {isa = PBXFileReference; fileEncoding = 4; lastKnownFileType = sourcecode.swift; path = TrendingAssembler.swift; sourceTree = "<group>"; };
		82693BCF2BC9988200FB75E4 /* TrendingNavigator.swift */ = {isa = PBXFileReference; fileEncoding = 4; lastKnownFileType = sourcecode.swift; path = TrendingNavigator.swift; sourceTree = "<group>"; };
		82693BD02BC9988200FB75E4 /* TrendingUseCase.swift */ = {isa = PBXFileReference; fileEncoding = 4; lastKnownFileType = sourcecode.swift; path = TrendingUseCase.swift; sourceTree = "<group>"; };
		82693BD12BC9988200FB75E4 /* TrendingViewController.swift */ = {isa = PBXFileReference; fileEncoding = 4; lastKnownFileType = sourcecode.swift; path = TrendingViewController.swift; sourceTree = "<group>"; };
		82693BD22BC9988200FB75E4 /* TrendingViewModel.swift */ = {isa = PBXFileReference; fileEncoding = 4; lastKnownFileType = sourcecode.swift; path = TrendingViewModel.swift; sourceTree = "<group>"; };
		82693BD52BC9988200FB75E4 /* ActivityIndicator.swift */ = {isa = PBXFileReference; fileEncoding = 4; lastKnownFileType = sourcecode.swift; path = ActivityIndicator.swift; sourceTree = "<group>"; };
		82693BD62BC9988200FB75E4 /* AlertMessage.swift */ = {isa = PBXFileReference; fileEncoding = 4; lastKnownFileType = sourcecode.swift; path = AlertMessage.swift; sourceTree = "<group>"; };
		82693BD72BC9988200FB75E4 /* Bindable.swift */ = {isa = PBXFileReference; fileEncoding = 4; lastKnownFileType = sourcecode.swift; path = Bindable.swift; sourceTree = "<group>"; };
		82693BD82BC9988200FB75E4 /* ErrorTracker.swift */ = {isa = PBXFileReference; fileEncoding = 4; lastKnownFileType = sourcecode.swift; path = ErrorTracker.swift; sourceTree = "<group>"; };
		82693BD92BC9988200FB75E4 /* PagingInfo.swift */ = {isa = PBXFileReference; fileEncoding = 4; lastKnownFileType = sourcecode.swift; path = PagingInfo.swift; sourceTree = "<group>"; };
		82693BDA2BC9988200FB75E4 /* Property.swift */ = {isa = PBXFileReference; fileEncoding = 4; lastKnownFileType = sourcecode.swift; path = Property.swift; sourceTree = "<group>"; };
		82693BDB2BC9988200FB75E4 /* ViewModel.swift */ = {isa = PBXFileReference; fileEncoding = 4; lastKnownFileType = sourcecode.swift; path = ViewModel.swift; sourceTree = "<group>"; };
		82693BDC2BC9988200FB75E4 /* ViewModel+GetPage.swift */ = {isa = PBXFileReference; fileEncoding = 4; lastKnownFileType = sourcecode.swift; path = "ViewModel+GetPage.swift"; sourceTree = "<group>"; };
		82693BDE2BC9988200FB75E4 /* Driver+.swift */ = {isa = PBXFileReference; fileEncoding = 4; lastKnownFileType = sourcecode.swift; path = "Driver+.swift"; sourceTree = "<group>"; };
		82693BDF2BC9988200FB75E4 /* ObservableType+.swift */ = {isa = PBXFileReference; fileEncoding = 4; lastKnownFileType = sourcecode.swift; path = "ObservableType+.swift"; sourceTree = "<group>"; };
		82693BE02BC9988200FB75E4 /* Optional+.swift */ = {isa = PBXFileReference; fileEncoding = 4; lastKnownFileType = sourcecode.swift; path = "Optional+.swift"; sourceTree = "<group>"; };
		82693BE12BC9988200FB75E4 /* UIViewController+.swift */ = {isa = PBXFileReference; fileEncoding = 4; lastKnownFileType = sourcecode.swift; path = "UIViewController+.swift"; sourceTree = "<group>"; };
		82693C6D2BC998A900FB75E4 /* Prod-Info.plist */ = {isa = PBXFileReference; fileEncoding = 4; lastKnownFileType = text.plist.xml; path = "Prod-Info.plist"; sourceTree = "<group>"; };
		82693C6E2BC998A900FB75E4 /* Dev-Info.plist */ = {isa = PBXFileReference; fileEncoding = 4; lastKnownFileType = text.plist.xml; path = "Dev-Info.plist"; sourceTree = "<group>"; };
		82693C732BC998FC00FB75E4 /* TestableObserver+.swift */ = {isa = PBXFileReference; fileEncoding = 4; lastKnownFileType = sourcecode.swift; path = "TestableObserver+.swift"; sourceTree = "<group>"; };
		82693C742BC998FC00FB75E4 /* TestError.swift */ = {isa = PBXFileReference; fileEncoding = 4; lastKnownFileType = sourcecode.swift; path = TestError.swift; sourceTree = "<group>"; };
		82693C752BC998FC00FB75E4 /* XCTestCase+.swift */ = {isa = PBXFileReference; fileEncoding = 4; lastKnownFileType = sourcecode.swift; path = "XCTestCase+.swift"; sourceTree = "<group>"; };
		82693C772BC998FC00FB75E4 /* AppNavigatorMock.swift */ = {isa = PBXFileReference; fileEncoding = 4; lastKnownFileType = sourcecode.swift; path = AppNavigatorMock.swift; sourceTree = "<group>"; };
		82693C782BC998FC00FB75E4 /* AppUseCaseMock.swift */ = {isa = PBXFileReference; fileEncoding = 4; lastKnownFileType = sourcecode.swift; path = AppUseCaseMock.swift; sourceTree = "<group>"; };
		82693C792BC998FC00FB75E4 /* AppViewModelTests.swift */ = {isa = PBXFileReference; fileEncoding = 4; lastKnownFileType = sourcecode.swift; path = AppViewModelTests.swift; sourceTree = "<group>"; };
		82693C7B2BC998FC00FB75E4 /* DetailNavigatorMock.swift */ = {isa = PBXFileReference; fileEncoding = 4; lastKnownFileType = sourcecode.swift; path = DetailNavigatorMock.swift; sourceTree = "<group>"; };
		82693C7C2BC998FC00FB75E4 /* DetailUseCaseMock.swift */ = {isa = PBXFileReference; fileEncoding = 4; lastKnownFileType = sourcecode.swift; path = DetailUseCaseMock.swift; sourceTree = "<group>"; };
		82693C7D2BC998FC00FB75E4 /* DetailViewModelTests.swift */ = {isa = PBXFileReference; fileEncoding = 4; lastKnownFileType = sourcecode.swift; path = DetailViewModelTests.swift; sourceTree = "<group>"; };
		82693C7F2BC998FC00FB75E4 /* SearchNavigatorMock.swift */ = {isa = PBXFileReference; fileEncoding = 4; lastKnownFileType = sourcecode.swift; path = SearchNavigatorMock.swift; sourceTree = "<group>"; };
		82693C802BC998FC00FB75E4 /* SearchUseCaseMock.swift */ = {isa = PBXFileReference; fileEncoding = 4; lastKnownFileType = sourcecode.swift; path = SearchUseCaseMock.swift; sourceTree = "<group>"; };
		82693C812BC998FC00FB75E4 /* SearchViewModelTests.swift */ = {isa = PBXFileReference; fileEncoding = 4; lastKnownFileType = sourcecode.swift; path = SearchViewModelTests.swift; sourceTree = "<group>"; };
		82693C832BC998FC00FB75E4 /* TrendingNavigatorMock.swift */ = {isa = PBXFileReference; fileEncoding = 4; lastKnownFileType = sourcecode.swift; path = TrendingNavigatorMock.swift; sourceTree = "<group>"; };
		82693C842BC998FC00FB75E4 /* TrendingUseCaseMock.swift */ = {isa = PBXFileReference; fileEncoding = 4; lastKnownFileType = sourcecode.swift; path = TrendingUseCaseMock.swift; sourceTree = "<group>"; };
		82693C852BC998FC00FB75E4 /* TrendingViewModelTests.swift */ = {isa = PBXFileReference; fileEncoding = 4; lastKnownFileType = sourcecode.swift; path = TrendingViewModelTests.swift; sourceTree = "<group>"; };
		82693C882BC998FC00FB75E4 /* MovieGatewayMock.swift */ = {isa = PBXFileReference; fileEncoding = 4; lastKnownFileType = sourcecode.swift; path = MovieGatewayMock.swift; sourceTree = "<group>"; };
		82693C8B2BC998FC00FB75E4 /* GettingDetailMovieTests.swift */ = {isa = PBXFileReference; fileEncoding = 4; lastKnownFileType = sourcecode.swift; path = GettingDetailMovieTests.swift; sourceTree = "<group>"; };
		82693C8C2BC998FC00FB75E4 /* GettingSearchMoviesTests.swift */ = {isa = PBXFileReference; fileEncoding = 4; lastKnownFileType = sourcecode.swift; path = GettingSearchMoviesTests.swift; sourceTree = "<group>"; };
		82693C8D2BC998FC00FB75E4 /* TrendingTests.swift */ = {isa = PBXFileReference; fileEncoding = 4; lastKnownFileType = sourcecode.swift; path = TrendingTests.swift; sourceTree = "<group>"; };
/* End PBXFileReference section */

/* Begin PBXFrameworksBuildPhase section */
		82693B412BC997FC00FB75E4 /* Frameworks */ = {
			isa = PBXFrameworksBuildPhase;
			buildActionMask = 2147483647;
			files = (
				82693CBB2BC9997C00FB75E4 /* RxSwift in Frameworks */,
				82693CC52BC9997C00FB75E4 /* Reusable in Frameworks */,
				82693CBD2BC9997C00FB75E4 /* Then in Frameworks */,
				82693CBF2BC9997C00FB75E4 /* SDWebImage in Frameworks */,
				82693CC12BC9997C00FB75E4 /* RxAlamofire in Frameworks */,
				82693CC32BC9997C00FB75E4 /* ESPullToRefresh in Frameworks */,
				82693CB92BC9997C00FB75E4 /* RxCocoa in Frameworks */,
			);
			runOnlyForDeploymentPostprocessing = 0;
		};
		82693B5A2BC997FD00FB75E4 /* Frameworks */ = {
			isa = PBXFrameworksBuildPhase;
			buildActionMask = 2147483647;
			files = (
				82693CCD2BC9998A00FB75E4 /* RxTest in Frameworks */,
				82693CCB2BC9998A00FB75E4 /* RxSwift in Frameworks */,
				82693CC92BC9998A00FB75E4 /* RxCocoa in Frameworks */,
				82693CC72BC9998A00FB75E4 /* RxBlocking in Frameworks */,
			);
			runOnlyForDeploymentPostprocessing = 0;
		};
		82693B642BC997FD00FB75E4 /* Frameworks */ = {
			isa = PBXFrameworksBuildPhase;
			buildActionMask = 2147483647;
			files = (
			);
			runOnlyForDeploymentPostprocessing = 0;
		};
		82693B802BC9980C00FB75E4 /* Frameworks */ = {
			isa = PBXFrameworksBuildPhase;
			buildActionMask = 2147483647;
			files = (
				82693CAD2BC9996D00FB75E4 /* RxSwift in Frameworks */,
				82693CB72BC9996D00FB75E4 /* Reusable in Frameworks */,
				82693CAF2BC9996D00FB75E4 /* Then in Frameworks */,
				82693CB12BC9996D00FB75E4 /* SDWebImage in Frameworks */,
				82693CB32BC9996D00FB75E4 /* RxAlamofire in Frameworks */,
				82693CB52BC9996D00FB75E4 /* ESPullToRefresh in Frameworks */,
				82693CAB2BC9996D00FB75E4 /* RxCocoa in Frameworks */,
			);
			runOnlyForDeploymentPostprocessing = 0;
		};
/* End PBXFrameworksBuildPhase section */

/* Begin PBXGroup section */
		82693B3B2BC997FC00FB75E4 = {
			isa = PBXGroup;
			children = (
				82693B462BC997FC00FB75E4 /* what3words */,
				82693B602BC997FD00FB75E4 /* what3wordsTests */,
				82693B6A2BC997FD00FB75E4 /* what3wordsUITests */,
				82693B452BC997FC00FB75E4 /* Products */,
				82693CA92BC9996D00FB75E4 /* Frameworks */,
			);
			sourceTree = "<group>";
		};
		82693B452BC997FC00FB75E4 /* Products */ = {
			isa = PBXGroup;
			children = (
				82693B442BC997FC00FB75E4 /* what3words.app */,
				82693B5D2BC997FD00FB75E4 /* what3wordsTests.xctest */,
				82693B672BC997FD00FB75E4 /* what3wordsUITests.xctest */,
				82693B882BC9980C00FB75E4 /* what3words-Dev.app */,
			);
			name = Products;
			sourceTree = "<group>";
		};
		82693B462BC997FC00FB75E4 /* what3words */ = {
			isa = PBXGroup;
			children = (
				82693C6C2BC9988D00FB75E4 /* SupportFiles */,
				82693B8D2BC9988200FB75E4 /* Assembler */,
				82693BB12BC9988200FB75E4 /* Config */,
				82693BAE2BC9988200FB75E4 /* Data */,
				82693B9A2BC9988200FB75E4 /* Domain */,
				82693BD42BC9988200FB75E4 /* Scenes */,
				82693BE32BC9988200FB75E4 /* Support */,
			);
			path = what3words;
			sourceTree = "<group>";
		};
		82693B602BC997FD00FB75E4 /* what3wordsTests */ = {
			isa = PBXGroup;
			children = (
				82693C8A2BC998FC00FB75E4 /* Data */,
				82693C8F2BC998FC00FB75E4 /* Domain */,
				82693C872BC998FC00FB75E4 /* Scenes */,
				82693C762BC998FC00FB75E4 /* Support */,
				82693B612BC997FD00FB75E4 /* what3wordsTests.swift */,
			);
			path = what3wordsTests;
			sourceTree = "<group>";
		};
		82693B6A2BC997FD00FB75E4 /* what3wordsUITests */ = {
			isa = PBXGroup;
			children = (
				82693B6B2BC997FD00FB75E4 /* what3wordsUITests.swift */,
				82693B6D2BC997FD00FB75E4 /* what3wordsUITestsLaunchTests.swift */,
			);
			path = what3wordsUITests;
			sourceTree = "<group>";
		};
		82693B8D2BC9988200FB75E4 /* Assembler */ = {
			isa = PBXGroup;
			children = (
				82693B8A2BC9988200FB75E4 /* Assembler.swift */,
				82693B8B2BC9988200FB75E4 /* CoreDataAssembler.swift */,
				82693B8C2BC9988200FB75E4 /* GatewayAssembler.swift */,
			);
			path = Assembler;
			sourceTree = "<group>";
		};
		82693B952BC9988200FB75E4 /* Entities */ = {
			isa = PBXGroup;
			children = (
				82693B942BC9988200FB75E4 /* Movie.swift */,
			);
			path = Entities;
			sourceTree = "<group>";
		};
		82693B992BC9988200FB75E4 /* UseCases */ = {
			isa = PBXGroup;
			children = (
				82693B962BC9988200FB75E4 /* Detail.swift */,
				82693B972BC9988200FB75E4 /* Search.swift */,
				82693B982BC9988200FB75E4 /* Trending.swift */,
			);
			path = UseCases;
			sourceTree = "<group>";
		};
		82693B9A2BC9988200FB75E4 /* Domain */ = {
			isa = PBXGroup;
			children = (
				82693B952BC9988200FB75E4 /* Entities */,
				82693B992BC9988200FB75E4 /* UseCases */,
			);
			path = Domain;
			sourceTree = "<group>";
		};
		82693BA02BC9988200FB75E4 /* API */ = {
			isa = PBXGroup;
			children = (
				82693B9B2BC9988200FB75E4 /* API+Movie.swift */,
				82693B9C2BC9988200FB75E4 /* APIError.swift */,
				82693B9D2BC9988200FB75E4 /* APIInput.swift */,
				82693B9E2BC9988200FB75E4 /* APIService.swift */,
				82693B9F2BC9988200FB75E4 /* APIUrls.swift */,
			);
			path = API;
			sourceTree = "<group>";
		};
		82693BA52BC9988200FB75E4 /* APIService */ = {
			isa = PBXGroup;
			children = (
				82693BA12BC9988200FB75E4 /* APIErrorBase.swift */,
				82693BA22BC9988200FB75E4 /* APIInputBase.swift */,
				82693BA32BC9988200FB75E4 /* APIResponse.swift */,
				82693BA42BC9988200FB75E4 /* APIServiceBase.swift */,
			);
			path = APIService;
			sourceTree = "<group>";
		};
		82693BAA2BC9988200FB75E4 /* CoreData */ = {
			isa = PBXGroup;
			children = (
				82693BA62BC9988200FB75E4 /* CoreDataRepository.swift */,
				82693BA72BC9988200FB75E4 /* MovieDetailRepository.swift */,
				82693BA82BC9988200FB75E4 /* SearchRepository.swift */,
				82693BA92BC9988200FB75E4 /* TrendingRepository.swift */,
			);
			path = CoreData;
			sourceTree = "<group>";
		};
		82693BAD2BC9988200FB75E4 /* Gateways */ = {
			isa = PBXGroup;
			children = (
				82693BAB2BC9988200FB75E4 /* AppGateway.swift */,
				82693BAC2BC9988200FB75E4 /* MovieGateway.swift */,
			);
			path = Gateways;
			sourceTree = "<group>";
		};
		82693BAE2BC9988200FB75E4 /* Data */ = {
			isa = PBXGroup;
			children = (
				82693BA02BC9988200FB75E4 /* API */,
				82693BA52BC9988200FB75E4 /* APIService */,
				82693BAA2BC9988200FB75E4 /* CoreData */,
				82693BAD2BC9988200FB75E4 /* Gateways */,
			);
			path = Data;
			sourceTree = "<group>";
		};
		82693BB12BC9988200FB75E4 /* Config */ = {
			isa = PBXGroup;
			children = (
				82693BAF2BC9988200FB75E4 /* Dev.xcconfig */,
				82693BB02BC9988200FB75E4 /* Prod.xcconfig */,
			);
			path = Config;
			sourceTree = "<group>";
		};
		82693BB82BC9988200FB75E4 /* App */ = {
			isa = PBXGroup;
			children = (
				82693BB22BC9988200FB75E4 /* AppAssembler.swift */,
				82693BB32BC9988200FB75E4 /* AppDelegate.swift */,
				82693BB42BC9988200FB75E4 /* AppNavigator.swift */,
				82693BB52BC9988200FB75E4 /* AppUseCase.swift */,
				82693BB62BC9988200FB75E4 /* AppViewModel.swift */,
				82693BB72BC9988200FB75E4 /* SceneDelegate.swift */,
			);
			path = App;
			sourceTree = "<group>";
		};
		82693BBE2BC9988200FB75E4 /* Detail */ = {
			isa = PBXGroup;
			children = (
				82693BB92BC9988200FB75E4 /* DetailAssembler.swift */,
				82693BBA2BC9988200FB75E4 /* DetailNavigator.swift */,
				82693BBB2BC9988200FB75E4 /* DetailUseCase.swift */,
				82693BBC2BC9988200FB75E4 /* DetailViewController.swift */,
				82693BBD2BC9988200FB75E4 /* DetailViewModel.swift */,
			);
			path = Detail;
			sourceTree = "<group>";
		};
		82693BC42BC9988200FB75E4 /* Search */ = {
			isa = PBXGroup;
			children = (
				82693BBF2BC9988200FB75E4 /* SearchAssembler.swift */,
				82693BC02BC9988200FB75E4 /* SearchNavigator.swift */,
				82693BC12BC9988200FB75E4 /* SearchUseCase.swift */,
				82693BC22BC9988200FB75E4 /* SearchViewController.swift */,
				82693BC32BC9988200FB75E4 /* SearchViewModel.swift */,
			);
			path = Search;
			sourceTree = "<group>";
		};
		82693BCA2BC9988200FB75E4 /* Storyboards */ = {
			isa = PBXGroup;
			children = (
				82693BC62BC9988200FB75E4 /* LaunchScreen.storyboard */,
				82693BC82BC9988200FB75E4 /* Main.storyboard */,
				82693BC92BC9988200FB75E4 /* Storyboards.swift */,
			);
			path = Storyboards;
			sourceTree = "<group>";
		};
		82693BCD2BC9988200FB75E4 /* Cells */ = {
			isa = PBXGroup;
			children = (
				82693BCB2BC9988200FB75E4 /* MovieTableViewCell.swift */,
				82693BCC2BC9988200FB75E4 /* MovieTableViewCell.xib */,
			);
			path = Cells;
			sourceTree = "<group>";
		};
		82693BD32BC9988200FB75E4 /* Trending */ = {
			isa = PBXGroup;
			children = (
				82693BCD2BC9988200FB75E4 /* Cells */,
				82693BCE2BC9988200FB75E4 /* TrendingAssembler.swift */,
				82693BCF2BC9988200FB75E4 /* TrendingNavigator.swift */,
				82693BD02BC9988200FB75E4 /* TrendingUseCase.swift */,
				82693BD12BC9988200FB75E4 /* TrendingViewController.swift */,
				82693BD22BC9988200FB75E4 /* TrendingViewModel.swift */,
			);
			path = Trending;
			sourceTree = "<group>";
		};
		82693BD42BC9988200FB75E4 /* Scenes */ = {
			isa = PBXGroup;
			children = (
				82693BB82BC9988200FB75E4 /* App */,
				82693BBE2BC9988200FB75E4 /* Detail */,
				82693BC42BC9988200FB75E4 /* Search */,
				82693BCA2BC9988200FB75E4 /* Storyboards */,
				82693BD32BC9988200FB75E4 /* Trending */,
			);
			path = Scenes;
			sourceTree = "<group>";
		};
		82693BDD2BC9988200FB75E4 /* Architecture */ = {
			isa = PBXGroup;
			children = (
				82693BD52BC9988200FB75E4 /* ActivityIndicator.swift */,
				82693BD62BC9988200FB75E4 /* AlertMessage.swift */,
				82693BD72BC9988200FB75E4 /* Bindable.swift */,
				82693BD82BC9988200FB75E4 /* ErrorTracker.swift */,
				82693BD92BC9988200FB75E4 /* PagingInfo.swift */,
				82693BDA2BC9988200FB75E4 /* Property.swift */,
				82693BDB2BC9988200FB75E4 /* ViewModel.swift */,
				82693BDC2BC9988200FB75E4 /* ViewModel+GetPage.swift */,
			);
			path = Architecture;
			sourceTree = "<group>";
		};
		82693BE22BC9988200FB75E4 /* Extension */ = {
			isa = PBXGroup;
			children = (
				82693BDE2BC9988200FB75E4 /* Driver+.swift */,
				82693BDF2BC9988200FB75E4 /* ObservableType+.swift */,
				82693BE02BC9988200FB75E4 /* Optional+.swift */,
				82693BE12BC9988200FB75E4 /* UIViewController+.swift */,
			);
			path = Extension;
			sourceTree = "<group>";
		};
		82693BE32BC9988200FB75E4 /* Support */ = {
			isa = PBXGroup;
			children = (
				82693BDD2BC9988200FB75E4 /* Architecture */,
				82693BE22BC9988200FB75E4 /* Extension */,
			);
			path = Support;
			sourceTree = "<group>";
		};
		82693C6C2BC9988D00FB75E4 /* SupportFiles */ = {
			isa = PBXGroup;
			children = (
				82693C6E2BC998A900FB75E4 /* Dev-Info.plist */,
				82693C6D2BC998A900FB75E4 /* Prod-Info.plist */,
				82693B502BC997FC00FB75E4 /* what3words.xcdatamodeld */,
				82693B532BC997FD00FB75E4 /* Assets.xcassets */,
			);
			path = SupportFiles;
			sourceTree = "<group>";
		};
		82693C762BC998FC00FB75E4 /* Support */ = {
			isa = PBXGroup;
			children = (
				82693C732BC998FC00FB75E4 /* TestableObserver+.swift */,
				82693C742BC998FC00FB75E4 /* TestError.swift */,
				82693C752BC998FC00FB75E4 /* XCTestCase+.swift */,
			);
			path = Support;
			sourceTree = "<group>";
		};
		82693C7A2BC998FC00FB75E4 /* App */ = {
			isa = PBXGroup;
			children = (
				82693C772BC998FC00FB75E4 /* AppNavigatorMock.swift */,
				82693C782BC998FC00FB75E4 /* AppUseCaseMock.swift */,
				82693C792BC998FC00FB75E4 /* AppViewModelTests.swift */,
			);
			path = App;
			sourceTree = "<group>";
		};
		82693C7E2BC998FC00FB75E4 /* Detail */ = {
			isa = PBXGroup;
			children = (
				82693C7B2BC998FC00FB75E4 /* DetailNavigatorMock.swift */,
				82693C7C2BC998FC00FB75E4 /* DetailUseCaseMock.swift */,
				82693C7D2BC998FC00FB75E4 /* DetailViewModelTests.swift */,
			);
			path = Detail;
			sourceTree = "<group>";
		};
		82693C822BC998FC00FB75E4 /* Search */ = {
			isa = PBXGroup;
			children = (
				82693C7F2BC998FC00FB75E4 /* SearchNavigatorMock.swift */,
				82693C802BC998FC00FB75E4 /* SearchUseCaseMock.swift */,
				82693C812BC998FC00FB75E4 /* SearchViewModelTests.swift */,
			);
			path = Search;
			sourceTree = "<group>";
		};
		82693C862BC998FC00FB75E4 /* Trending */ = {
			isa = PBXGroup;
			children = (
				82693C832BC998FC00FB75E4 /* TrendingNavigatorMock.swift */,
				82693C842BC998FC00FB75E4 /* TrendingUseCaseMock.swift */,
				82693C852BC998FC00FB75E4 /* TrendingViewModelTests.swift */,
			);
			path = Trending;
			sourceTree = "<group>";
		};
		82693C872BC998FC00FB75E4 /* Scenes */ = {
			isa = PBXGroup;
			children = (
				82693C7A2BC998FC00FB75E4 /* App */,
				82693C7E2BC998FC00FB75E4 /* Detail */,
				82693C822BC998FC00FB75E4 /* Search */,
				82693C862BC998FC00FB75E4 /* Trending */,
			);
			path = Scenes;
			sourceTree = "<group>";
		};
		82693C892BC998FC00FB75E4 /* Gateways */ = {
			isa = PBXGroup;
			children = (
				82693C882BC998FC00FB75E4 /* MovieGatewayMock.swift */,
			);
			path = Gateways;
			sourceTree = "<group>";
		};
		82693C8A2BC998FC00FB75E4 /* Data */ = {
			isa = PBXGroup;
			children = (
				82693C892BC998FC00FB75E4 /* Gateways */,
			);
			path = Data;
			sourceTree = "<group>";
		};
		82693C8E2BC998FC00FB75E4 /* UseCases */ = {
			isa = PBXGroup;
			children = (
				82693C8B2BC998FC00FB75E4 /* GettingDetailMovieTests.swift */,
				82693C8C2BC998FC00FB75E4 /* GettingSearchMoviesTests.swift */,
				82693C8D2BC998FC00FB75E4 /* TrendingTests.swift */,
			);
			path = UseCases;
			sourceTree = "<group>";
		};
		82693C8F2BC998FC00FB75E4 /* Domain */ = {
			isa = PBXGroup;
			children = (
				82693C8E2BC998FC00FB75E4 /* UseCases */,
			);
			path = Domain;
			sourceTree = "<group>";
		};
		82693CA92BC9996D00FB75E4 /* Frameworks */ = {
			isa = PBXGroup;
			children = (
			);
			name = Frameworks;
			sourceTree = "<group>";
		};
/* End PBXGroup section */

/* Begin PBXNativeTarget section */
		82693B432BC997FC00FB75E4 /* what3words */ = {
			isa = PBXNativeTarget;
			buildConfigurationList = 82693B712BC997FD00FB75E4 /* Build configuration list for PBXNativeTarget "what3words" */;
			buildPhases = (
				82693B402BC997FC00FB75E4 /* Sources */,
				82693B412BC997FC00FB75E4 /* Frameworks */,
				82693B422BC997FC00FB75E4 /* Resources */,
			);
			buildRules = (
			);
			dependencies = (
			);
			name = what3words;
			packageProductDependencies = (
				82693CB82BC9997C00FB75E4 /* RxCocoa */,
				82693CBA2BC9997C00FB75E4 /* RxSwift */,
				82693CBC2BC9997C00FB75E4 /* Then */,
				82693CBE2BC9997C00FB75E4 /* SDWebImage */,
				82693CC02BC9997C00FB75E4 /* RxAlamofire */,
				82693CC22BC9997C00FB75E4 /* ESPullToRefresh */,
				82693CC42BC9997C00FB75E4 /* Reusable */,
			);
			productName = what3words;
			productReference = 82693B442BC997FC00FB75E4 /* what3words.app */;
			productType = "com.apple.product-type.application";
		};
		82693B5C2BC997FD00FB75E4 /* what3wordsTests */ = {
			isa = PBXNativeTarget;
			buildConfigurationList = 82693B742BC997FD00FB75E4 /* Build configuration list for PBXNativeTarget "what3wordsTests" */;
			buildPhases = (
				82693B592BC997FD00FB75E4 /* Sources */,
				82693B5A2BC997FD00FB75E4 /* Frameworks */,
				82693B5B2BC997FD00FB75E4 /* Resources */,
			);
			buildRules = (
			);
			dependencies = (
				82693B5F2BC997FD00FB75E4 /* PBXTargetDependency */,
			);
			name = what3wordsTests;
			packageProductDependencies = (
				82693CC62BC9998A00FB75E4 /* RxBlocking */,
				82693CC82BC9998A00FB75E4 /* RxCocoa */,
				82693CCA2BC9998A00FB75E4 /* RxSwift */,
				82693CCC2BC9998A00FB75E4 /* RxTest */,
			);
			productName = what3wordsTests;
			productReference = 82693B5D2BC997FD00FB75E4 /* what3wordsTests.xctest */;
			productType = "com.apple.product-type.bundle.unit-test";
		};
		82693B662BC997FD00FB75E4 /* what3wordsUITests */ = {
			isa = PBXNativeTarget;
			buildConfigurationList = 82693B772BC997FD00FB75E4 /* Build configuration list for PBXNativeTarget "what3wordsUITests" */;
			buildPhases = (
				82693B632BC997FD00FB75E4 /* Sources */,
				82693B642BC997FD00FB75E4 /* Frameworks */,
				82693B652BC997FD00FB75E4 /* Resources */,
			);
			buildRules = (
			);
			dependencies = (
				82693B692BC997FD00FB75E4 /* PBXTargetDependency */,
			);
			name = what3wordsUITests;
			productName = what3wordsUITests;
			productReference = 82693B672BC997FD00FB75E4 /* what3wordsUITests.xctest */;
			productType = "com.apple.product-type.bundle.ui-testing";
		};
		82693B7A2BC9980C00FB75E4 /* what3words-Dev */ = {
			isa = PBXNativeTarget;
			buildConfigurationList = 82693B852BC9980C00FB75E4 /* Build configuration list for PBXNativeTarget "what3words-Dev" */;
			buildPhases = (
				82693B7B2BC9980C00FB75E4 /* Sources */,
				82693B802BC9980C00FB75E4 /* Frameworks */,
				82693B812BC9980C00FB75E4 /* Resources */,
			);
			buildRules = (
			);
			dependencies = (
			);
			name = "what3words-Dev";
			packageProductDependencies = (
				82693CAA2BC9996D00FB75E4 /* RxCocoa */,
				82693CAC2BC9996D00FB75E4 /* RxSwift */,
				82693CAE2BC9996D00FB75E4 /* Then */,
				82693CB02BC9996D00FB75E4 /* SDWebImage */,
				82693CB22BC9996D00FB75E4 /* RxAlamofire */,
				82693CB42BC9996D00FB75E4 /* ESPullToRefresh */,
				82693CB62BC9996D00FB75E4 /* Reusable */,
			);
			productName = what3words;
			productReference = 82693B882BC9980C00FB75E4 /* what3words-Dev.app */;
			productType = "com.apple.product-type.application";
		};
/* End PBXNativeTarget section */

/* Begin PBXProject section */
		82693B3C2BC997FC00FB75E4 /* Project object */ = {
			isa = PBXProject;
			attributes = {
				BuildIndependentTargetsInParallel = 1;
				LastSwiftUpdateCheck = 1530;
				LastUpgradeCheck = 1530;
				TargetAttributes = {
					82693B432BC997FC00FB75E4 = {
						CreatedOnToolsVersion = 15.3;
					};
					82693B5C2BC997FD00FB75E4 = {
						CreatedOnToolsVersion = 15.3;
						TestTargetID = 82693B432BC997FC00FB75E4;
					};
					82693B662BC997FD00FB75E4 = {
						CreatedOnToolsVersion = 15.3;
						TestTargetID = 82693B432BC997FC00FB75E4;
					};
				};
			};
			buildConfigurationList = 82693B3F2BC997FC00FB75E4 /* Build configuration list for PBXProject "what3words" */;
			compatibilityVersion = "Xcode 14.0";
			developmentRegion = en;
			hasScannedForEncodings = 0;
			knownRegions = (
				en,
				Base,
			);
			mainGroup = 82693B3B2BC997FC00FB75E4;
			packageReferences = (
				82693CA32BC9991300FB75E4 /* XCRemoteSwiftPackageReference "RxSwift" */,
				82693CA42BC9991B00FB75E4 /* XCRemoteSwiftPackageReference "Then" */,
				82693CA52BC9992200FB75E4 /* XCRemoteSwiftPackageReference "SDWebImage" */,
				82693CA62BC9993600FB75E4 /* XCRemoteSwiftPackageReference "RxAlamofire" */,
				82693CA72BC9993E00FB75E4 /* XCRemoteSwiftPackageReference "pull-to-refresh" */,
				82693CA82BC9995100FB75E4 /* XCRemoteSwiftPackageReference "Reusable" */,
			);
			productRefGroup = 82693B452BC997FC00FB75E4 /* Products */;
			projectDirPath = "";
			projectRoot = "";
			targets = (
				82693B7A2BC9980C00FB75E4 /* what3words-Dev */,
				82693B432BC997FC00FB75E4 /* what3words */,
				82693B5C2BC997FD00FB75E4 /* what3wordsTests */,
				82693B662BC997FD00FB75E4 /* what3wordsUITests */,
			);
		};
/* End PBXProject section */

/* Begin PBXResourcesBuildPhase section */
		82693B422BC997FC00FB75E4 /* Resources */ = {
			isa = PBXResourcesBuildPhase;
			buildActionMask = 2147483647;
			files = (
				82693C722BC998A900FB75E4 /* Dev-Info.plist in Resources */,
				82693C702BC998A900FB75E4 /* Prod-Info.plist in Resources */,
				82693C432BC9988200FB75E4 /* Main.storyboard in Resources */,
				82693B542BC997FD00FB75E4 /* Assets.xcassets in Resources */,
				82693C492BC9988200FB75E4 /* MovieTableViewCell.xib in Resources */,
				82693C1F2BC9988200FB75E4 /* Prod.xcconfig in Resources */,
				82693C412BC9988200FB75E4 /* LaunchScreen.storyboard in Resources */,
				82693C1D2BC9988200FB75E4 /* Dev.xcconfig in Resources */,
			);
			runOnlyForDeploymentPostprocessing = 0;
		};
		82693B5B2BC997FD00FB75E4 /* Resources */ = {
			isa = PBXResourcesBuildPhase;
			buildActionMask = 2147483647;
			files = (
			);
			runOnlyForDeploymentPostprocessing = 0;
		};
		82693B652BC997FD00FB75E4 /* Resources */ = {
			isa = PBXResourcesBuildPhase;
			buildActionMask = 2147483647;
			files = (
			);
			runOnlyForDeploymentPostprocessing = 0;
		};
		82693B812BC9980C00FB75E4 /* Resources */ = {
			isa = PBXResourcesBuildPhase;
			buildActionMask = 2147483647;
			files = (
				82693C712BC998A900FB75E4 /* Dev-Info.plist in Resources */,
				82693C6F2BC998A900FB75E4 /* Prod-Info.plist in Resources */,
				82693C422BC9988200FB75E4 /* Main.storyboard in Resources */,
				82693B822BC9980C00FB75E4 /* Assets.xcassets in Resources */,
				82693C482BC9988200FB75E4 /* MovieTableViewCell.xib in Resources */,
				82693C1E2BC9988200FB75E4 /* Prod.xcconfig in Resources */,
				82693C402BC9988200FB75E4 /* LaunchScreen.storyboard in Resources */,
				82693C1C2BC9988200FB75E4 /* Dev.xcconfig in Resources */,
			);
			runOnlyForDeploymentPostprocessing = 0;
		};
/* End PBXResourcesBuildPhase section */

/* Begin PBXSourcesBuildPhase section */
		82693B402BC997FC00FB75E4 /* Sources */ = {
			isa = PBXSourcesBuildPhase;
			buildActionMask = 2147483647;
			files = (
				82693BF72BC9988200FB75E4 /* Movie.swift in Sources */,
				82693C052BC9988200FB75E4 /* APIService.swift in Sources */,
				82693C352BC9988200FB75E4 /* DetailViewModel.swift in Sources */,
				82693C6B2BC9988200FB75E4 /* UIViewController+.swift in Sources */,
				82693C552BC9988200FB75E4 /* ActivityIndicator.swift in Sources */,
				82693C5D2BC9988200FB75E4 /* PagingInfo.swift in Sources */,
				82693B522BC997FC00FB75E4 /* what3words.xcdatamodeld in Sources */,
				82693C692BC9988200FB75E4 /* Optional+.swift in Sources */,
				82693C2D2BC9988200FB75E4 /* DetailAssembler.swift in Sources */,
				82693C4B2BC9988200FB75E4 /* TrendingAssembler.swift in Sources */,
				82693BFF2BC9988200FB75E4 /* API+Movie.swift in Sources */,
				82693C2F2BC9988200FB75E4 /* DetailNavigator.swift in Sources */,
				82693C3D2BC9988200FB75E4 /* SearchViewController.swift in Sources */,
				82693C132BC9988200FB75E4 /* MovieDetailRepository.swift in Sources */,
				82693C5B2BC9988200FB75E4 /* ErrorTracker.swift in Sources */,
				82693C152BC9988200FB75E4 /* SearchRepository.swift in Sources */,
				82693C172BC9988200FB75E4 /* TrendingRepository.swift in Sources */,
				82693C372BC9988200FB75E4 /* SearchAssembler.swift in Sources */,
				82693C4F2BC9988200FB75E4 /* TrendingUseCase.swift in Sources */,
				82693BE52BC9988200FB75E4 /* Assembler.swift in Sources */,
				82693C512BC9988200FB75E4 /* TrendingViewController.swift in Sources */,
				82693C612BC9988200FB75E4 /* ViewModel.swift in Sources */,
				82693BE72BC9988200FB75E4 /* CoreDataAssembler.swift in Sources */,
				82693C0F2BC9988200FB75E4 /* APIServiceBase.swift in Sources */,
				82693C3F2BC9988200FB75E4 /* SearchViewModel.swift in Sources */,
				82693C192BC9988200FB75E4 /* AppGateway.swift in Sources */,
				82693C012BC9988200FB75E4 /* APIError.swift in Sources */,
				82693C0B2BC9988200FB75E4 /* APIInputBase.swift in Sources */,
				82693C212BC9988200FB75E4 /* AppAssembler.swift in Sources */,
				82693C672BC9988200FB75E4 /* ObservableType+.swift in Sources */,
				82693BE92BC9988200FB75E4 /* GatewayAssembler.swift in Sources */,
				82693C572BC9988200FB75E4 /* AlertMessage.swift in Sources */,
				82693BFD2BC9988200FB75E4 /* Trending.swift in Sources */,
				82693BF92BC9988200FB75E4 /* Detail.swift in Sources */,
				82693C532BC9988200FB75E4 /* TrendingViewModel.swift in Sources */,
				82693C252BC9988200FB75E4 /* AppNavigator.swift in Sources */,
				82693C472BC9988200FB75E4 /* MovieTableViewCell.swift in Sources */,
				82693C072BC9988200FB75E4 /* APIUrls.swift in Sources */,
				82693C332BC9988200FB75E4 /* DetailViewController.swift in Sources */,
				82693C112BC9988200FB75E4 /* CoreDataRepository.swift in Sources */,
				82693C592BC9988200FB75E4 /* Bindable.swift in Sources */,
				82693BFB2BC9988200FB75E4 /* Search.swift in Sources */,
				82693C312BC9988200FB75E4 /* DetailUseCase.swift in Sources */,
				82693C392BC9988200FB75E4 /* SearchNavigator.swift in Sources */,
				82693C5F2BC9988200FB75E4 /* Property.swift in Sources */,
				82693C3B2BC9988200FB75E4 /* SearchUseCase.swift in Sources */,
				82693C292BC9988200FB75E4 /* AppViewModel.swift in Sources */,
				82693C092BC9988200FB75E4 /* APIErrorBase.swift in Sources */,
				82693C4D2BC9988200FB75E4 /* TrendingNavigator.swift in Sources */,
				82693C0D2BC9988200FB75E4 /* APIResponse.swift in Sources */,
				82693C032BC9988200FB75E4 /* APIInput.swift in Sources */,
				82693C632BC9988200FB75E4 /* ViewModel+GetPage.swift in Sources */,
				82693C272BC9988200FB75E4 /* AppUseCase.swift in Sources */,
				82693C2B2BC9988200FB75E4 /* SceneDelegate.swift in Sources */,
				82693C232BC9988200FB75E4 /* AppDelegate.swift in Sources */,
				82693C1B2BC9988200FB75E4 /* MovieGateway.swift in Sources */,
				82693C452BC9988200FB75E4 /* Storyboards.swift in Sources */,
				82693C652BC9988200FB75E4 /* Driver+.swift in Sources */,
			);
			runOnlyForDeploymentPostprocessing = 0;
		};
		82693B592BC997FD00FB75E4 /* Sources */ = {
			isa = PBXSourcesBuildPhase;
			buildActionMask = 2147483647;
			files = (
				82693C9C2BC998FC00FB75E4 /* TrendingNavigatorMock.swift in Sources */,
				82693C9E2BC998FC00FB75E4 /* TrendingViewModelTests.swift in Sources */,
				82693C992BC998FC00FB75E4 /* SearchNavigatorMock.swift in Sources */,
				82693C9D2BC998FC00FB75E4 /* TrendingUseCaseMock.swift in Sources */,
				82693C9B2BC998FC00FB75E4 /* SearchViewModelTests.swift in Sources */,
				82693C912BC998FC00FB75E4 /* TestError.swift in Sources */,
				82693CA02BC998FC00FB75E4 /* GettingDetailMovieTests.swift in Sources */,
				82693C982BC998FC00FB75E4 /* DetailViewModelTests.swift in Sources */,
				82693CA22BC998FC00FB75E4 /* TrendingTests.swift in Sources */,
				82693CA12BC998FC00FB75E4 /* GettingSearchMoviesTests.swift in Sources */,
				82693C9A2BC998FC00FB75E4 /* SearchUseCaseMock.swift in Sources */,
				82693C942BC998FC00FB75E4 /* AppUseCaseMock.swift in Sources */,
				82693B622BC997FD00FB75E4 /* what3wordsTests.swift in Sources */,
				82693C922BC998FC00FB75E4 /* XCTestCase+.swift in Sources */,
				82693C962BC998FC00FB75E4 /* DetailNavigatorMock.swift in Sources */,
				82693C9F2BC998FC00FB75E4 /* MovieGatewayMock.swift in Sources */,
				82693C972BC998FC00FB75E4 /* DetailUseCaseMock.swift in Sources */,
				82693C932BC998FC00FB75E4 /* AppNavigatorMock.swift in Sources */,
				82693C952BC998FC00FB75E4 /* AppViewModelTests.swift in Sources */,
				82693C902BC998FC00FB75E4 /* TestableObserver+.swift in Sources */,
			);
			runOnlyForDeploymentPostprocessing = 0;
		};
		82693B632BC997FD00FB75E4 /* Sources */ = {
			isa = PBXSourcesBuildPhase;
			buildActionMask = 2147483647;
			files = (
				82693B6E2BC997FD00FB75E4 /* what3wordsUITestsLaunchTests.swift in Sources */,
				82693B6C2BC997FD00FB75E4 /* what3wordsUITests.swift in Sources */,
			);
			runOnlyForDeploymentPostprocessing = 0;
		};
		82693B7B2BC9980C00FB75E4 /* Sources */ = {
			isa = PBXSourcesBuildPhase;
			buildActionMask = 2147483647;
			files = (
				82693BF62BC9988200FB75E4 /* Movie.swift in Sources */,
				82693C042BC9988200FB75E4 /* APIService.swift in Sources */,
				82693C342BC9988200FB75E4 /* DetailViewModel.swift in Sources */,
				82693C6A2BC9988200FB75E4 /* UIViewController+.swift in Sources */,
				82693C542BC9988200FB75E4 /* ActivityIndicator.swift in Sources */,
				82693C5C2BC9988200FB75E4 /* PagingInfo.swift in Sources */,
				82693B7D2BC9980C00FB75E4 /* what3words.xcdatamodeld in Sources */,
				82693C682BC9988200FB75E4 /* Optional+.swift in Sources */,
				82693C2C2BC9988200FB75E4 /* DetailAssembler.swift in Sources */,
				82693C4A2BC9988200FB75E4 /* TrendingAssembler.swift in Sources */,
				82693BFE2BC9988200FB75E4 /* API+Movie.swift in Sources */,
				82693C2E2BC9988200FB75E4 /* DetailNavigator.swift in Sources */,
				82693C3C2BC9988200FB75E4 /* SearchViewController.swift in Sources */,
				82693C122BC9988200FB75E4 /* MovieDetailRepository.swift in Sources */,
				82693C5A2BC9988200FB75E4 /* ErrorTracker.swift in Sources */,
				82693C142BC9988200FB75E4 /* SearchRepository.swift in Sources */,
				82693C162BC9988200FB75E4 /* TrendingRepository.swift in Sources */,
				82693C362BC9988200FB75E4 /* SearchAssembler.swift in Sources */,
				82693C4E2BC9988200FB75E4 /* TrendingUseCase.swift in Sources */,
				82693BE42BC9988200FB75E4 /* Assembler.swift in Sources */,
				82693C502BC9988200FB75E4 /* TrendingViewController.swift in Sources */,
				82693C602BC9988200FB75E4 /* ViewModel.swift in Sources */,
				82693BE62BC9988200FB75E4 /* CoreDataAssembler.swift in Sources */,
				82693C0E2BC9988200FB75E4 /* APIServiceBase.swift in Sources */,
				82693C3E2BC9988200FB75E4 /* SearchViewModel.swift in Sources */,
				82693C182BC9988200FB75E4 /* AppGateway.swift in Sources */,
				82693C002BC9988200FB75E4 /* APIError.swift in Sources */,
				82693C0A2BC9988200FB75E4 /* APIInputBase.swift in Sources */,
				82693C202BC9988200FB75E4 /* AppAssembler.swift in Sources */,
				82693C662BC9988200FB75E4 /* ObservableType+.swift in Sources */,
				82693BE82BC9988200FB75E4 /* GatewayAssembler.swift in Sources */,
				82693C562BC9988200FB75E4 /* AlertMessage.swift in Sources */,
				82693BFC2BC9988200FB75E4 /* Trending.swift in Sources */,
				82693BF82BC9988200FB75E4 /* Detail.swift in Sources */,
				82693C522BC9988200FB75E4 /* TrendingViewModel.swift in Sources */,
				82693C242BC9988200FB75E4 /* AppNavigator.swift in Sources */,
				82693C462BC9988200FB75E4 /* MovieTableViewCell.swift in Sources */,
				82693C062BC9988200FB75E4 /* APIUrls.swift in Sources */,
				82693C322BC9988200FB75E4 /* DetailViewController.swift in Sources */,
				82693C102BC9988200FB75E4 /* CoreDataRepository.swift in Sources */,
				82693C582BC9988200FB75E4 /* Bindable.swift in Sources */,
				82693BFA2BC9988200FB75E4 /* Search.swift in Sources */,
				82693C302BC9988200FB75E4 /* DetailUseCase.swift in Sources */,
				82693C382BC9988200FB75E4 /* SearchNavigator.swift in Sources */,
				82693C5E2BC9988200FB75E4 /* Property.swift in Sources */,
				82693C3A2BC9988200FB75E4 /* SearchUseCase.swift in Sources */,
				82693C282BC9988200FB75E4 /* AppViewModel.swift in Sources */,
				82693C082BC9988200FB75E4 /* APIErrorBase.swift in Sources */,
				82693C4C2BC9988200FB75E4 /* TrendingNavigator.swift in Sources */,
				82693C0C2BC9988200FB75E4 /* APIResponse.swift in Sources */,
				82693C022BC9988200FB75E4 /* APIInput.swift in Sources */,
				82693C622BC9988200FB75E4 /* ViewModel+GetPage.swift in Sources */,
				82693C262BC9988200FB75E4 /* AppUseCase.swift in Sources */,
				82693C2A2BC9988200FB75E4 /* SceneDelegate.swift in Sources */,
				82693C222BC9988200FB75E4 /* AppDelegate.swift in Sources */,
				82693C1A2BC9988200FB75E4 /* MovieGateway.swift in Sources */,
				82693C442BC9988200FB75E4 /* Storyboards.swift in Sources */,
				82693C642BC9988200FB75E4 /* Driver+.swift in Sources */,
			);
			runOnlyForDeploymentPostprocessing = 0;
		};
/* End PBXSourcesBuildPhase section */

/* Begin PBXTargetDependency section */
		82693B5F2BC997FD00FB75E4 /* PBXTargetDependency */ = {
			isa = PBXTargetDependency;
			target = 82693B432BC997FC00FB75E4 /* what3words */;
			targetProxy = 82693B5E2BC997FD00FB75E4 /* PBXContainerItemProxy */;
		};
		82693B692BC997FD00FB75E4 /* PBXTargetDependency */ = {
			isa = PBXTargetDependency;
			target = 82693B432BC997FC00FB75E4 /* what3words */;
			targetProxy = 82693B682BC997FD00FB75E4 /* PBXContainerItemProxy */;
		};
/* End PBXTargetDependency section */

/* Begin PBXVariantGroup section */
		82693BC62BC9988200FB75E4 /* LaunchScreen.storyboard */ = {
			isa = PBXVariantGroup;
			children = (
				82693BC52BC9988200FB75E4 /* Base */,
			);
			name = LaunchScreen.storyboard;
			sourceTree = "<group>";
		};
		82693BC82BC9988200FB75E4 /* Main.storyboard */ = {
			isa = PBXVariantGroup;
			children = (
				82693BC72BC9988200FB75E4 /* Base */,
			);
			name = Main.storyboard;
			sourceTree = "<group>";
		};
/* End PBXVariantGroup section */

/* Begin XCBuildConfiguration section */
		82693B6F2BC997FD00FB75E4 /* Debug */ = {
			isa = XCBuildConfiguration;
			buildSettings = {
				ALWAYS_SEARCH_USER_PATHS = NO;
				ASSETCATALOG_COMPILER_GENERATE_SWIFT_ASSET_SYMBOL_EXTENSIONS = YES;
				CLANG_ANALYZER_NONNULL = YES;
				CLANG_ANALYZER_NUMBER_OBJECT_CONVERSION = YES_AGGRESSIVE;
				CLANG_CXX_LANGUAGE_STANDARD = "gnu++20";
				CLANG_ENABLE_MODULES = YES;
				CLANG_ENABLE_OBJC_ARC = YES;
				CLANG_ENABLE_OBJC_WEAK = YES;
				CLANG_WARN_BLOCK_CAPTURE_AUTORELEASING = YES;
				CLANG_WARN_BOOL_CONVERSION = YES;
				CLANG_WARN_COMMA = YES;
				CLANG_WARN_CONSTANT_CONVERSION = YES;
				CLANG_WARN_DEPRECATED_OBJC_IMPLEMENTATIONS = YES;
				CLANG_WARN_DIRECT_OBJC_ISA_USAGE = YES_ERROR;
				CLANG_WARN_DOCUMENTATION_COMMENTS = YES;
				CLANG_WARN_EMPTY_BODY = YES;
				CLANG_WARN_ENUM_CONVERSION = YES;
				CLANG_WARN_INFINITE_RECURSION = YES;
				CLANG_WARN_INT_CONVERSION = YES;
				CLANG_WARN_NON_LITERAL_NULL_CONVERSION = YES;
				CLANG_WARN_OBJC_IMPLICIT_RETAIN_SELF = YES;
				CLANG_WARN_OBJC_LITERAL_CONVERSION = YES;
				CLANG_WARN_OBJC_ROOT_CLASS = YES_ERROR;
				CLANG_WARN_QUOTED_INCLUDE_IN_FRAMEWORK_HEADER = YES;
				CLANG_WARN_RANGE_LOOP_ANALYSIS = YES;
				CLANG_WARN_STRICT_PROTOTYPES = YES;
				CLANG_WARN_SUSPICIOUS_MOVE = YES;
				CLANG_WARN_UNGUARDED_AVAILABILITY = YES_AGGRESSIVE;
				CLANG_WARN_UNREACHABLE_CODE = YES;
				CLANG_WARN__DUPLICATE_METHOD_MATCH = YES;
				COPY_PHASE_STRIP = NO;
				DEBUG_INFORMATION_FORMAT = dwarf;
				ENABLE_STRICT_OBJC_MSGSEND = YES;
				ENABLE_TESTABILITY = YES;
				ENABLE_USER_SCRIPT_SANDBOXING = YES;
				GCC_C_LANGUAGE_STANDARD = gnu17;
				GCC_DYNAMIC_NO_PIC = NO;
				GCC_NO_COMMON_BLOCKS = YES;
				GCC_OPTIMIZATION_LEVEL = 0;
				GCC_PREPROCESSOR_DEFINITIONS = (
					"DEBUG=1",
					"$(inherited)",
				);
				GCC_WARN_64_TO_32_BIT_CONVERSION = YES;
				GCC_WARN_ABOUT_RETURN_TYPE = YES_ERROR;
				GCC_WARN_UNDECLARED_SELECTOR = YES;
				GCC_WARN_UNINITIALIZED_AUTOS = YES_AGGRESSIVE;
				GCC_WARN_UNUSED_FUNCTION = YES;
				GCC_WARN_UNUSED_VARIABLE = YES;
				IPHONEOS_DEPLOYMENT_TARGET = 13.0;
				LOCALIZATION_PREFERS_STRING_CATALOGS = YES;
				MTL_ENABLE_DEBUG_INFO = INCLUDE_SOURCE;
				MTL_FAST_MATH = YES;
				ONLY_ACTIVE_ARCH = YES;
				SDKROOT = iphoneos;
				SWIFT_ACTIVE_COMPILATION_CONDITIONS = "DEBUG $(inherited)";
				SWIFT_OPTIMIZATION_LEVEL = "-Onone";
			};
			name = Debug;
		};
		82693B702BC997FD00FB75E4 /* Release */ = {
			isa = XCBuildConfiguration;
			buildSettings = {
				ALWAYS_SEARCH_USER_PATHS = NO;
				ASSETCATALOG_COMPILER_GENERATE_SWIFT_ASSET_SYMBOL_EXTENSIONS = YES;
				CLANG_ANALYZER_NONNULL = YES;
				CLANG_ANALYZER_NUMBER_OBJECT_CONVERSION = YES_AGGRESSIVE;
				CLANG_CXX_LANGUAGE_STANDARD = "gnu++20";
				CLANG_ENABLE_MODULES = YES;
				CLANG_ENABLE_OBJC_ARC = YES;
				CLANG_ENABLE_OBJC_WEAK = YES;
				CLANG_WARN_BLOCK_CAPTURE_AUTORELEASING = YES;
				CLANG_WARN_BOOL_CONVERSION = YES;
				CLANG_WARN_COMMA = YES;
				CLANG_WARN_CONSTANT_CONVERSION = YES;
				CLANG_WARN_DEPRECATED_OBJC_IMPLEMENTATIONS = YES;
				CLANG_WARN_DIRECT_OBJC_ISA_USAGE = YES_ERROR;
				CLANG_WARN_DOCUMENTATION_COMMENTS = YES;
				CLANG_WARN_EMPTY_BODY = YES;
				CLANG_WARN_ENUM_CONVERSION = YES;
				CLANG_WARN_INFINITE_RECURSION = YES;
				CLANG_WARN_INT_CONVERSION = YES;
				CLANG_WARN_NON_LITERAL_NULL_CONVERSION = YES;
				CLANG_WARN_OBJC_IMPLICIT_RETAIN_SELF = YES;
				CLANG_WARN_OBJC_LITERAL_CONVERSION = YES;
				CLANG_WARN_OBJC_ROOT_CLASS = YES_ERROR;
				CLANG_WARN_QUOTED_INCLUDE_IN_FRAMEWORK_HEADER = YES;
				CLANG_WARN_RANGE_LOOP_ANALYSIS = YES;
				CLANG_WARN_STRICT_PROTOTYPES = YES;
				CLANG_WARN_SUSPICIOUS_MOVE = YES;
				CLANG_WARN_UNGUARDED_AVAILABILITY = YES_AGGRESSIVE;
				CLANG_WARN_UNREACHABLE_CODE = YES;
				CLANG_WARN__DUPLICATE_METHOD_MATCH = YES;
				COPY_PHASE_STRIP = NO;
				DEBUG_INFORMATION_FORMAT = "dwarf-with-dsym";
				ENABLE_NS_ASSERTIONS = NO;
				ENABLE_STRICT_OBJC_MSGSEND = YES;
				ENABLE_USER_SCRIPT_SANDBOXING = YES;
				GCC_C_LANGUAGE_STANDARD = gnu17;
				GCC_NO_COMMON_BLOCKS = YES;
				GCC_WARN_64_TO_32_BIT_CONVERSION = YES;
				GCC_WARN_ABOUT_RETURN_TYPE = YES_ERROR;
				GCC_WARN_UNDECLARED_SELECTOR = YES;
				GCC_WARN_UNINITIALIZED_AUTOS = YES_AGGRESSIVE;
				GCC_WARN_UNUSED_FUNCTION = YES;
				GCC_WARN_UNUSED_VARIABLE = YES;
				IPHONEOS_DEPLOYMENT_TARGET = 13.0;
				LOCALIZATION_PREFERS_STRING_CATALOGS = YES;
				MTL_ENABLE_DEBUG_INFO = NO;
				MTL_FAST_MATH = YES;
				SDKROOT = iphoneos;
				SWIFT_COMPILATION_MODE = wholemodule;
				VALIDATE_PRODUCT = YES;
			};
			name = Release;
		};
		82693B722BC997FD00FB75E4 /* Debug */ = {
			isa = XCBuildConfiguration;
			baseConfigurationReference = 82693BB02BC9988200FB75E4 /* Prod.xcconfig */;
			buildSettings = {
				ASSETCATALOG_COMPILER_APPICON_NAME = AppIcon;
				ASSETCATALOG_COMPILER_GLOBAL_ACCENT_COLOR_NAME = AccentColor;
				CODE_SIGN_STYLE = Automatic;
				CURRENT_PROJECT_VERSION = 1;
				GENERATE_INFOPLIST_FILE = NO;
				INFOPLIST_FILE = "$(INFO_PLIST_FILE)";
				INFOPLIST_KEY_UIApplicationSupportsIndirectInputEvents = YES;
				INFOPLIST_KEY_UILaunchStoryboardName = LaunchScreen;
				INFOPLIST_KEY_UIMainStoryboardFile = Main;
				INFOPLIST_KEY_UISupportedInterfaceOrientations_iPad = "UIInterfaceOrientationPortrait UIInterfaceOrientationPortraitUpsideDown UIInterfaceOrientationLandscapeLeft UIInterfaceOrientationLandscapeRight";
				INFOPLIST_KEY_UISupportedInterfaceOrientations_iPhone = "UIInterfaceOrientationPortrait UIInterfaceOrientationLandscapeLeft UIInterfaceOrientationLandscapeRight";
				LD_RUNPATH_SEARCH_PATHS = (
					"$(inherited)",
					"@executable_path/Frameworks",
				);
				MARKETING_VERSION = 1.0;
				PRODUCT_BUNDLE_IDENTIFIER = "$(BUNDLE_ID)";
				PRODUCT_NAME = "$(TARGET_NAME)";
				SWIFT_EMIT_LOC_STRINGS = YES;
				SWIFT_VERSION = 5.0;
				TARGETED_DEVICE_FAMILY = "1,2";
			};
			name = Debug;
		};
		82693B732BC997FD00FB75E4 /* Release */ = {
			isa = XCBuildConfiguration;
			baseConfigurationReference = 82693BB02BC9988200FB75E4 /* Prod.xcconfig */;
			buildSettings = {
				ASSETCATALOG_COMPILER_APPICON_NAME = AppIcon;
				ASSETCATALOG_COMPILER_GLOBAL_ACCENT_COLOR_NAME = AccentColor;
				CODE_SIGN_STYLE = Automatic;
				CURRENT_PROJECT_VERSION = 1;
				GENERATE_INFOPLIST_FILE = NO;
				INFOPLIST_FILE = "$(INFO_PLIST_FILE)";
				INFOPLIST_KEY_UIApplicationSupportsIndirectInputEvents = YES;
				INFOPLIST_KEY_UILaunchStoryboardName = LaunchScreen;
				INFOPLIST_KEY_UIMainStoryboardFile = Main;
				INFOPLIST_KEY_UISupportedInterfaceOrientations_iPad = "UIInterfaceOrientationPortrait UIInterfaceOrientationPortraitUpsideDown UIInterfaceOrientationLandscapeLeft UIInterfaceOrientationLandscapeRight";
				INFOPLIST_KEY_UISupportedInterfaceOrientations_iPhone = "UIInterfaceOrientationPortrait UIInterfaceOrientationLandscapeLeft UIInterfaceOrientationLandscapeRight";
				LD_RUNPATH_SEARCH_PATHS = (
					"$(inherited)",
					"@executable_path/Frameworks",
				);
				MARKETING_VERSION = 1.0;
				PRODUCT_BUNDLE_IDENTIFIER = "$(BUNDLE_ID)";
				PRODUCT_NAME = "$(TARGET_NAME)";
				SWIFT_EMIT_LOC_STRINGS = YES;
				SWIFT_VERSION = 5.0;
				TARGETED_DEVICE_FAMILY = "1,2";
			};
			name = Release;
		};
		82693B752BC997FD00FB75E4 /* Debug */ = {
			isa = XCBuildConfiguration;
			buildSettings = {
				ALWAYS_EMBED_SWIFT_STANDARD_LIBRARIES = YES;
				BUNDLE_LOADER = "$(TEST_HOST)";
				CODE_SIGN_STYLE = Automatic;
				CURRENT_PROJECT_VERSION = 1;
				GENERATE_INFOPLIST_FILE = YES;
				IPHONEOS_DEPLOYMENT_TARGET = 17.4;
				MARKETING_VERSION = 1.0;
				PRODUCT_BUNDLE_IDENTIFIER = com.pt.hung1311.what3wordsTests;
				PRODUCT_NAME = "$(TARGET_NAME)";
				SWIFT_EMIT_LOC_STRINGS = NO;
				SWIFT_VERSION = 5.0;
				TARGETED_DEVICE_FAMILY = "1,2";
				TEST_HOST = "$(BUILT_PRODUCTS_DIR)/what3words.app/$(BUNDLE_EXECUTABLE_FOLDER_PATH)/what3words";
			};
			name = Debug;
		};
		82693B762BC997FD00FB75E4 /* Release */ = {
			isa = XCBuildConfiguration;
			buildSettings = {
				ALWAYS_EMBED_SWIFT_STANDARD_LIBRARIES = YES;
				BUNDLE_LOADER = "$(TEST_HOST)";
				CODE_SIGN_STYLE = Automatic;
				CURRENT_PROJECT_VERSION = 1;
				GENERATE_INFOPLIST_FILE = YES;
				IPHONEOS_DEPLOYMENT_TARGET = 17.4;
				MARKETING_VERSION = 1.0;
				PRODUCT_BUNDLE_IDENTIFIER = com.pt.hung1311.what3wordsTests;
				PRODUCT_NAME = "$(TARGET_NAME)";
				SWIFT_EMIT_LOC_STRINGS = NO;
				SWIFT_VERSION = 5.0;
				TARGETED_DEVICE_FAMILY = "1,2";
				TEST_HOST = "$(BUILT_PRODUCTS_DIR)/what3words.app/$(BUNDLE_EXECUTABLE_FOLDER_PATH)/what3words";
			};
			name = Release;
		};
		82693B782BC997FD00FB75E4 /* Debug */ = {
			isa = XCBuildConfiguration;
			buildSettings = {
				ALWAYS_EMBED_SWIFT_STANDARD_LIBRARIES = YES;
				CODE_SIGN_STYLE = Automatic;
				CURRENT_PROJECT_VERSION = 1;
				GENERATE_INFOPLIST_FILE = YES;
				MARKETING_VERSION = 1.0;
				PRODUCT_BUNDLE_IDENTIFIER = com.pt.hung1311.what3wordsUITests;
				PRODUCT_NAME = "$(TARGET_NAME)";
				SWIFT_EMIT_LOC_STRINGS = NO;
				SWIFT_VERSION = 5.0;
				TARGETED_DEVICE_FAMILY = "1,2";
				TEST_TARGET_NAME = what3words;
			};
			name = Debug;
		};
		82693B792BC997FD00FB75E4 /* Release */ = {
			isa = XCBuildConfiguration;
			buildSettings = {
				ALWAYS_EMBED_SWIFT_STANDARD_LIBRARIES = YES;
				CODE_SIGN_STYLE = Automatic;
				CURRENT_PROJECT_VERSION = 1;
				GENERATE_INFOPLIST_FILE = YES;
				MARKETING_VERSION = 1.0;
				PRODUCT_BUNDLE_IDENTIFIER = com.pt.hung1311.what3wordsUITests;
				PRODUCT_NAME = "$(TARGET_NAME)";
				SWIFT_EMIT_LOC_STRINGS = NO;
				SWIFT_VERSION = 5.0;
				TARGETED_DEVICE_FAMILY = "1,2";
				TEST_TARGET_NAME = what3words;
			};
			name = Release;
		};
		82693B862BC9980C00FB75E4 /* Debug */ = {
			isa = XCBuildConfiguration;
			baseConfigurationReference = 82693BAF2BC9988200FB75E4 /* Dev.xcconfig */;
			buildSettings = {
				ASSETCATALOG_COMPILER_APPICON_NAME = AppIcon;
				ASSETCATALOG_COMPILER_GLOBAL_ACCENT_COLOR_NAME = AccentColor;
				CODE_SIGN_STYLE = Automatic;
				CURRENT_PROJECT_VERSION = 1;
				GENERATE_INFOPLIST_FILE = NO;
				INFOPLIST_FILE = "$(INFO_PLIST_FILE)";
				INFOPLIST_KEY_UIApplicationSupportsIndirectInputEvents = YES;
				INFOPLIST_KEY_UILaunchStoryboardName = LaunchScreen;
				INFOPLIST_KEY_UIMainStoryboardFile = Main;
				INFOPLIST_KEY_UISupportedInterfaceOrientations_iPad = "UIInterfaceOrientationPortrait UIInterfaceOrientationPortraitUpsideDown UIInterfaceOrientationLandscapeLeft UIInterfaceOrientationLandscapeRight";
				INFOPLIST_KEY_UISupportedInterfaceOrientations_iPhone = "UIInterfaceOrientationPortrait UIInterfaceOrientationLandscapeLeft UIInterfaceOrientationLandscapeRight";
				LD_RUNPATH_SEARCH_PATHS = (
					"$(inherited)",
					"@executable_path/Frameworks",
				);
				MARKETING_VERSION = 1.0;
				PRODUCT_BUNDLE_IDENTIFIER = "$(BUNDLE_ID)";
				PRODUCT_NAME = "$(TARGET_NAME)";
				SWIFT_EMIT_LOC_STRINGS = YES;
				SWIFT_VERSION = 5.0;
				TARGETED_DEVICE_FAMILY = "1,2";
			};
			name = Debug;
		};
		82693B872BC9980C00FB75E4 /* Release */ = {
			isa = XCBuildConfiguration;
			baseConfigurationReference = 82693BAF2BC9988200FB75E4 /* Dev.xcconfig */;
			buildSettings = {
				ASSETCATALOG_COMPILER_APPICON_NAME = AppIcon;
				ASSETCATALOG_COMPILER_GLOBAL_ACCENT_COLOR_NAME = AccentColor;
				CODE_SIGN_STYLE = Automatic;
				CURRENT_PROJECT_VERSION = 1;
				GENERATE_INFOPLIST_FILE = NO;
				INFOPLIST_FILE = "$(INFO_PLIST_FILE)";
				INFOPLIST_KEY_UIApplicationSupportsIndirectInputEvents = YES;
				INFOPLIST_KEY_UILaunchStoryboardName = LaunchScreen;
				INFOPLIST_KEY_UIMainStoryboardFile = Main;
				INFOPLIST_KEY_UISupportedInterfaceOrientations_iPad = "UIInterfaceOrientationPortrait UIInterfaceOrientationPortraitUpsideDown UIInterfaceOrientationLandscapeLeft UIInterfaceOrientationLandscapeRight";
				INFOPLIST_KEY_UISupportedInterfaceOrientations_iPhone = "UIInterfaceOrientationPortrait UIInterfaceOrientationLandscapeLeft UIInterfaceOrientationLandscapeRight";
				LD_RUNPATH_SEARCH_PATHS = (
					"$(inherited)",
					"@executable_path/Frameworks",
				);
				MARKETING_VERSION = 1.0;
				PRODUCT_BUNDLE_IDENTIFIER = "$(BUNDLE_ID)";
				PRODUCT_NAME = "$(TARGET_NAME)";
				SWIFT_EMIT_LOC_STRINGS = YES;
				SWIFT_VERSION = 5.0;
				TARGETED_DEVICE_FAMILY = "1,2";
			};
			name = Release;
		};
/* End XCBuildConfiguration section */

/* Begin XCConfigurationList section */
		82693B3F2BC997FC00FB75E4 /* Build configuration list for PBXProject "what3words" */ = {
			isa = XCConfigurationList;
			buildConfigurations = (
				82693B6F2BC997FD00FB75E4 /* Debug */,
				82693B702BC997FD00FB75E4 /* Release */,
			);
			defaultConfigurationIsVisible = 0;
			defaultConfigurationName = Release;
		};
		82693B712BC997FD00FB75E4 /* Build configuration list for PBXNativeTarget "what3words" */ = {
			isa = XCConfigurationList;
			buildConfigurations = (
				82693B722BC997FD00FB75E4 /* Debug */,
				82693B732BC997FD00FB75E4 /* Release */,
			);
			defaultConfigurationIsVisible = 0;
			defaultConfigurationName = Release;
		};
		82693B742BC997FD00FB75E4 /* Build configuration list for PBXNativeTarget "what3wordsTests" */ = {
			isa = XCConfigurationList;
			buildConfigurations = (
				82693B752BC997FD00FB75E4 /* Debug */,
				82693B762BC997FD00FB75E4 /* Release */,
			);
			defaultConfigurationIsVisible = 0;
			defaultConfigurationName = Release;
		};
		82693B772BC997FD00FB75E4 /* Build configuration list for PBXNativeTarget "what3wordsUITests" */ = {
			isa = XCConfigurationList;
			buildConfigurations = (
				82693B782BC997FD00FB75E4 /* Debug */,
				82693B792BC997FD00FB75E4 /* Release */,
			);
			defaultConfigurationIsVisible = 0;
			defaultConfigurationName = Release;
		};
		82693B852BC9980C00FB75E4 /* Build configuration list for PBXNativeTarget "what3words-Dev" */ = {
			isa = XCConfigurationList;
			buildConfigurations = (
				82693B862BC9980C00FB75E4 /* Debug */,
				82693B872BC9980C00FB75E4 /* Release */,
			);
			defaultConfigurationIsVisible = 0;
			defaultConfigurationName = Release;
		};
/* End XCConfigurationList section */

/* Begin XCRemoteSwiftPackageReference section */
		82693CA32BC9991300FB75E4 /* XCRemoteSwiftPackageReference "RxSwift" */ = {
			isa = XCRemoteSwiftPackageReference;
			repositoryURL = "https://github.com/ReactiveX/RxSwift";
			requirement = {
				kind = exactVersion;
				version = 6.6.0;
			};
		};
		82693CA42BC9991B00FB75E4 /* XCRemoteSwiftPackageReference "Then" */ = {
			isa = XCRemoteSwiftPackageReference;
			repositoryURL = "https://github.com/devxoul/Then";
			requirement = {
				kind = exactVersion;
				version = 3.0.0;
			};
		};
		82693CA52BC9992200FB75E4 /* XCRemoteSwiftPackageReference "SDWebImage" */ = {
			isa = XCRemoteSwiftPackageReference;
			repositoryURL = "https://github.com/SDWebImage/SDWebImage";
			requirement = {
				kind = exactVersion;
				version = 5.19.1;
			};
		};
		82693CA62BC9993600FB75E4 /* XCRemoteSwiftPackageReference "RxAlamofire" */ = {
			isa = XCRemoteSwiftPackageReference;
			repositoryURL = "https://github.com/RxSwiftCommunity/RxAlamofire";
			requirement = {
				kind = exactVersion;
				version = 6.1.0;
			};
		};
		82693CA72BC9993E00FB75E4 /* XCRemoteSwiftPackageReference "pull-to-refresh" */ = {
			isa = XCRemoteSwiftPackageReference;
			repositoryURL = "https://github.com/eggswift/pull-to-refresh";
			requirement = {
				kind = exactVersion;
				version = 2.9.3;
			};
		};
		82693CA82BC9995100FB75E4 /* XCRemoteSwiftPackageReference "Reusable" */ = {
			isa = XCRemoteSwiftPackageReference;
			repositoryURL = "https://github.com/AliSoftware/Reusable";
			requirement = {
				kind = exactVersion;
				version = 4.1.2;
			};
		};
/* End XCRemoteSwiftPackageReference section */

/* Begin XCSwiftPackageProductDependency section */
		82693CAA2BC9996D00FB75E4 /* RxCocoa */ = {
			isa = XCSwiftPackageProductDependency;
			package = 82693CA32BC9991300FB75E4 /* XCRemoteSwiftPackageReference "RxSwift" */;
			productName = RxCocoa;
		};
		82693CAC2BC9996D00FB75E4 /* RxSwift */ = {
			isa = XCSwiftPackageProductDependency;
			package = 82693CA32BC9991300FB75E4 /* XCRemoteSwiftPackageReference "RxSwift" */;
			productName = RxSwift;
		};
		82693CAE2BC9996D00FB75E4 /* Then */ = {
			isa = XCSwiftPackageProductDependency;
			package = 82693CA42BC9991B00FB75E4 /* XCRemoteSwiftPackageReference "Then" */;
			productName = Then;
		};
		82693CB02BC9996D00FB75E4 /* SDWebImage */ = {
			isa = XCSwiftPackageProductDependency;
			package = 82693CA52BC9992200FB75E4 /* XCRemoteSwiftPackageReference "SDWebImage" */;
			productName = SDWebImage;
		};
		82693CB22BC9996D00FB75E4 /* RxAlamofire */ = {
			isa = XCSwiftPackageProductDependency;
			package = 82693CA62BC9993600FB75E4 /* XCRemoteSwiftPackageReference "RxAlamofire" */;
			productName = RxAlamofire;
		};
		82693CB42BC9996D00FB75E4 /* ESPullToRefresh */ = {
			isa = XCSwiftPackageProductDependency;
			package = 82693CA72BC9993E00FB75E4 /* XCRemoteSwiftPackageReference "pull-to-refresh" */;
			productName = ESPullToRefresh;
		};
		82693CB62BC9996D00FB75E4 /* Reusable */ = {
			isa = XCSwiftPackageProductDependency;
			package = 82693CA82BC9995100FB75E4 /* XCRemoteSwiftPackageReference "Reusable" */;
			productName = Reusable;
		};
		82693CB82BC9997C00FB75E4 /* RxCocoa */ = {
			isa = XCSwiftPackageProductDependency;
			package = 82693CA32BC9991300FB75E4 /* XCRemoteSwiftPackageReference "RxSwift" */;
			productName = RxCocoa;
		};
		82693CBA2BC9997C00FB75E4 /* RxSwift */ = {
			isa = XCSwiftPackageProductDependency;
			package = 82693CA32BC9991300FB75E4 /* XCRemoteSwiftPackageReference "RxSwift" */;
			productName = RxSwift;
		};
		82693CBC2BC9997C00FB75E4 /* Then */ = {
			isa = XCSwiftPackageProductDependency;
			package = 82693CA42BC9991B00FB75E4 /* XCRemoteSwiftPackageReference "Then" */;
			productName = Then;
		};
		82693CBE2BC9997C00FB75E4 /* SDWebImage */ = {
			isa = XCSwiftPackageProductDependency;
			package = 82693CA52BC9992200FB75E4 /* XCRemoteSwiftPackageReference "SDWebImage" */;
			productName = SDWebImage;
		};
		82693CC02BC9997C00FB75E4 /* RxAlamofire */ = {
			isa = XCSwiftPackageProductDependency;
			package = 82693CA62BC9993600FB75E4 /* XCRemoteSwiftPackageReference "RxAlamofire" */;
			productName = RxAlamofire;
		};
		82693CC22BC9997C00FB75E4 /* ESPullToRefresh */ = {
			isa = XCSwiftPackageProductDependency;
			package = 82693CA72BC9993E00FB75E4 /* XCRemoteSwiftPackageReference "pull-to-refresh" */;
			productName = ESPullToRefresh;
		};
		82693CC42BC9997C00FB75E4 /* Reusable */ = {
			isa = XCSwiftPackageProductDependency;
			package = 82693CA82BC9995100FB75E4 /* XCRemoteSwiftPackageReference "Reusable" */;
			productName = Reusable;
		};
		82693CC62BC9998A00FB75E4 /* RxBlocking */ = {
			isa = XCSwiftPackageProductDependency;
			package = 82693CA32BC9991300FB75E4 /* XCRemoteSwiftPackageReference "RxSwift" */;
			productName = RxBlocking;
		};
		82693CC82BC9998A00FB75E4 /* RxCocoa */ = {
			isa = XCSwiftPackageProductDependency;
			package = 82693CA32BC9991300FB75E4 /* XCRemoteSwiftPackageReference "RxSwift" */;
			productName = RxCocoa;
		};
		82693CCA2BC9998A00FB75E4 /* RxSwift */ = {
			isa = XCSwiftPackageProductDependency;
			package = 82693CA32BC9991300FB75E4 /* XCRemoteSwiftPackageReference "RxSwift" */;
			productName = RxSwift;
		};
		82693CCC2BC9998A00FB75E4 /* RxTest */ = {
			isa = XCSwiftPackageProductDependency;
			package = 82693CA32BC9991300FB75E4 /* XCRemoteSwiftPackageReference "RxSwift" */;
			productName = RxTest;
		};
/* End XCSwiftPackageProductDependency section */

/* Begin XCVersionGroup section */
		82693B502BC997FC00FB75E4 /* what3words.xcdatamodeld */ = {
			isa = XCVersionGroup;
			children = (
				82693B512BC997FC00FB75E4 /* what3words.xcdatamodel */,
			);
			currentVersion = 82693B512BC997FC00FB75E4 /* what3words.xcdatamodel */;
			path = what3words.xcdatamodeld;
			sourceTree = "<group>";
			versionGroupType = wrapper.xcdatamodel;
		};
/* End XCVersionGroup section */
	};
	rootObject = 82693B3C2BC997FC00FB75E4 /* Project object */;
}
